# This is a Gradle generated file for dependency locking.
# Manual edits can break the build and are not advised.
# This file is expected to be part of source control.
at.yawk.lz4:lz4-java:1.8.1=compileClasspath,minecraftLibraries
com.azure:azure-json:1.4.0=compileClasspath,minecraftLibraries
com.github.oshi:oshi-core:6.9.0=compileClasspath,minecraftLibraries
com.google.code.gson:gson:2.13.2=compileClasspath,minecraftLibraries
com.google.guava:failureaccess:1.0.3=compileClasspath,minecraftLibraries
com.google.guava:guava:33.5.0-jre=compileClasspath,minecraftLibraries
com.ibm.icu:icu4j:77.1=compileClasspath,minecraftLibraries
com.microsoft.azure:msal4j:1.23.1=compileClasspath,minecraftLibraries
com.mojang:authlib:7.0.61=compileClasspath,minecraftLibraries
com.mojang:blocklist:1.0.10=compileClasspath,minecraftLibraries
com.mojang:brigadier:1.3.10=compileClasspath,minecraftLibraries
com.mojang:datafixerupper:9.0.19=compileClasspath,minecraftLibraries
com.mojang:jtracy:1.0.37=compileClasspath,minecraftLibraries
com.mojang:logging:1.6.11=compileClasspath,minecraftLibraries
com.mojang:patchy:2.2.10=compileClasspath,minecraftLibraries
com.mojang:text2speech:1.18.11=compileClasspath,minecraftLibraries
commons-codec:commons-codec:1.19.0=compileClasspath,minecraftLibraries
commons-io:commons-io:2.20.0=compileClasspath,minecraftLibraries
io.github.llamalad7:mixinextras-fabric:0.5.3=compileClasspath
io.netty:netty-buffer:4.2.7.Final=compileClasspath,minecraftLibraries
io.netty:netty-codec-base:4.2.7.Final=compileClasspath,minecraftLibraries
io.netty:netty-codec-compression:4.2.7.Final=compileClasspath,minecraftLibraries
io.netty:netty-codec-http:4.2.7.Final=compileClasspath,minecraftLibraries
io.netty:netty-common:4.2.7.Final=compileClasspath,minecraftLibraries
io.netty:netty-handler:4.2.7.Final=compileClasspath,minecraftLibraries
io.netty:netty-resolver:4.2.7.Final=compileClasspath,minecraftLibraries
io.netty:netty-transport-classes-epoll:4.2.7.Final=compileClasspath,minecraftLibraries
io.netty:netty-transport-classes-kqueue:4.2.7.Final=compileClasspath,minecraftLibraries
io.netty:netty-transport-native-epoll:4.2.7.Final=compileClasspath,minecraftLibraries
io.netty:netty-transport-native-kqueue:4.2.7.Final=compileClasspath,minecraftLibraries
io.netty:netty-transport-native-unix-common:4.2.7.Final=compileClasspath,minecraftLibraries
io.netty:netty-transport:4.2.7.Final=compileClasspath,minecraftLibraries
it.unimi.dsi:fastutil:8.5.18=compileClasspath,minecraftLibraries
loom:mappings:layered+hash.2198=mappings
maven.modrinth:modmenu:17.0.0=modCompileOnly,modCompileOnlyCopy,modCompileOnlyCopy2,modLocalRuntime,modLocalRuntimeCopy,modLocalRuntimeCopy2
net.fabricmc.fabric-api:fabric-api-base:1.0.5+4ebb5c083e=modImplementation,modImplementationCopy,modImplementationCopy2,modImplementationCopy3,modImplementationCopy4
net.fabricmc.fabric-api:fabric-api-deprecated:0.141.3+1.21.11=modImplementation,modImplementationCopy,modImplementationCopy2,modImplementationCopy3,modImplementationCopy4
net.fabricmc.fabric-api:fabric-api-lookup-api-v1:1.6.114+20dc27073e=modImplementation,modImplementationCopy,modImplementationCopy2,modImplementationCopy3,modImplementationCopy4
net.fabricmc.fabric-api:fabric-api:0.141.3+1.21.11=modImplementation,modImplementationCopy,modImplementationCopy2,modImplementationCopy3,modImplementationCopy4
net.fabricmc.fabric-api:fabric-biome-api-v1:17.1.1+4fc5413f3e=modImplementation,modImplementationCopy,modImplementationCopy2,modImplementationCopy3,modImplementationCopy4
net.fabricmc.fabric-api:fabric-block-api-v1:1.1.10+4ebb5c083e=modImplementation,modImplementationCopy,modImplementationCopy2,modImplementationCopy3,modImplementationCopy4
net.fabricmc.fabric-api:fabric-block-view-api-v2:1.0.39+4ebb5c083e=modImplementation,modImplementationCopy,modImplementationCopy2,modImplementationCopy3,modImplementationCopy4
net.fabricmc.fabric-api:fabric-client-gametest-api-v1:4.3.5+bfe9fcf43e=modImplementation,modImplementationCopy,modImplementationCopy2,modImplementationCopy3,modImplementationCopy4
net.fabricmc.fabric-api:fabric-command-api-v2:2.4.7+6b42a6003e=modImplementation,modImplementationCopy,modImplementationCopy2,modImplementationCopy3,modImplementationCopy4
net.fabricmc.fabric-api:fabric-content-registries-v0:10.2.14+4fc5413f3e=modImplementation,modImplementationCopy,modImplementationCopy2,modImplementationCopy3,modImplementationCopy4
net.fabricmc.fabric-api:fabric-convention-tags-v1:2.1.55+7f945d5b3e=modImplementation,modImplementationCopy,modImplementationCopy2,modImplementationCopy3,modImplementationCopy4
net.fabricmc.fabric-api:fabric-convention-tags-v2:2.17.3+8ef948ba3e=modImplementation,modImplementationCopy,modImplementationCopy2,modImplementationCopy3,modImplementationCopy4
net.fabricmc.fabric-api:fabric-crash-report-info-v1:0.3.23+4ebb5c083e=modImplementation,modImplementationCopy,modImplementationCopy2,modImplementationCopy3,modImplementationCopy4
net.fabricmc.fabric-api:fabric-data-attachment-api-v1:1.8.47+eed0806f3e=modImplementation,modImplementationCopy,modImplementationCopy2,modImplementationCopy3,modImplementationCopy4
net.fabricmc.fabric-api:fabric-data-generation-api-v1:23.4.0+69974c4e3e=modImplementation,modImplementationCopy,modImplementationCopy2,modImplementationCopy3,modImplementationCopy4
net.fabricmc.fabric-api:fabric-dimensions-v1:4.0.28+4fc5413f3e=modImplementation,modImplementationCopy,modImplementationCopy2,modImplementationCopy3,modImplementationCopy4
net.fabricmc.fabric-api:fabric-entity-events-v1:3.1.1+1d0ab4303e=modImplementation,modImplementationCopy,modImplementationCopy2,modImplementationCopy3,modImplementationCopy4
net.fabricmc.fabric-api:fabric-events-interaction-v0:4.1.0+3b89ecf63e=modImplementation,modImplementationCopy,modImplementationCopy2,modImplementationCopy3,modImplementationCopy4
net.fabricmc.fabric-api:fabric-game-rule-api-v1:2.0.3+4fc5413f3e=modImplementation,modImplementationCopy,modImplementationCopy2,modImplementationCopy3,modImplementationCopy4
net.fabricmc.fabric-api:fabric-gametest-api-v1:3.1.27+4fc5413f3e=modImplementation,modImplementationCopy,modImplementationCopy2,modImplementationCopy3,modImplementationCopy4
net.fabricmc.fabric-api:fabric-item-api-v1:11.5.20+d0c46b9e3e=modImplementation,modImplementationCopy,modImplementationCopy2,modImplementationCopy3,modImplementationCopy4
net.fabricmc.fabric-api:fabric-item-group-api-v1:4.2.36+4fc5413f3e=modImplementation,modImplementationCopy,modImplementationCopy2,modImplementationCopy3,modImplementationCopy4
net.fabricmc.fabric-api:fabric-key-binding-api-v1:1.1.7+4fc5413f3e=modImplementation,modImplementationCopy,modImplementationCopy2,modImplementationCopy3,modImplementationCopy4
net.fabricmc.fabric-api:fabric-lifecycle-events-v1:2.6.15+4ebb5c083e=modImplementation,modImplementationCopy,modImplementationCopy2,modImplementationCopy3,modImplementationCopy4
net.fabricmc.fabric-api:fabric-loot-api-v2:3.0.73+3f89f5a53e=modImplementation,modImplementationCopy,modImplementationCopy2,modImplementationCopy3,modImplementationCopy4
net.fabricmc.fabric-api:fabric-loot-api-v3:2.0.20+78c8b4663e=modImplementation,modImplementationCopy,modImplementationCopy2,modImplementationCopy3,modImplementationCopy4
net.fabricmc.fabric-api:fabric-message-api-v1:6.1.12+4ebb5c083e=modImplementation,modImplementationCopy,modImplementationCopy2,modImplementationCopy3,modImplementationCopy4
net.fabricmc.fabric-api:fabric-model-loading-api-v1:6.0.15+4fc5413f3e=modImplementation,modImplementationCopy,modImplementationCopy2,modImplementationCopy3,modImplementationCopy4
net.fabricmc.fabric-api:fabric-networking-api-v1:5.1.5+ae1e07683e=modImplementation,modImplementationCopy,modImplementationCopy2,modImplementationCopy3,modImplementationCopy4
net.fabricmc.fabric-api:fabric-object-builder-api-v1:21.1.39+4fc5413f3e=modImplementation,modImplementationCopy,modImplementationCopy2,modImplementationCopy3,modImplementationCopy4
net.fabricmc.fabric-api:fabric-particles-v1:4.2.11+4fc5413f3e=modImplementation,modImplementationCopy,modImplementationCopy2,modImplementationCopy3,modImplementationCopy4
net.fabricmc.fabric-api:fabric-recipe-api-v1:8.2.3+4ebb5c083e=modImplementation,modImplementationCopy,modImplementationCopy2,modImplementationCopy3,modImplementationCopy4
net.fabricmc.fabric-api:fabric-registry-sync-v0:6.2.5+1718722b3e=modImplementation,modImplementationCopy,modImplementationCopy2,modImplementationCopy3,modImplementationCopy4
net.fabricmc.fabric-api:fabric-renderer-api-v1:8.0.3+f4ffd2e53e=modImplementation,modImplementationCopy,modImplementationCopy2,modImplementationCopy3,modImplementationCopy4
net.fabricmc.fabric-api:fabric-renderer-indigo:5.0.3+f4ffd2e53e=modImplementation,modImplementationCopy,modImplementationCopy2,modImplementationCopy3,modImplementationCopy4
net.fabricmc.fabric-api:fabric-rendering-fluids-v1:3.1.43+4ebb5c083e=modImplementation,modImplementationCopy,modImplementationCopy2,modImplementationCopy3,modImplementationCopy4
net.fabricmc.fabric-api:fabric-rendering-v1:16.2.10+0290ad933e=modImplementation,modImplementationCopy,modImplementationCopy2,modImplementationCopy3,modImplementationCopy4
net.fabricmc.fabric-api:fabric-resource-conditions-api-v1:5.0.35+4fc5413f3e=modImplementation,modImplementationCopy,modImplementationCopy2,modImplementationCopy3,modImplementationCopy4
net.fabricmc.fabric-api:fabric-resource-loader-v0:3.3.4+4fc5413f3e=modImplementation,modImplementationCopy,modImplementationCopy2,modImplementationCopy3,modImplementationCopy4
net.fabricmc.fabric-api:fabric-resource-loader-v1:1.0.10+78c8b4663e=modImplementation,modImplementationCopy,modImplementationCopy2,modImplementationCopy3,modImplementationCopy4
net.fabricmc.fabric-api:fabric-screen-api-v1:3.1.7+4ebb5c083e=modImplementation,modImplementationCopy,modImplementationCopy2,modImplementationCopy3,modImplementationCopy4
net.fabricmc.fabric-api:fabric-screen-handler-api-v1:1.3.161+4fc5413f3e=modImplementation,modImplementationCopy,modImplementationCopy2,modImplementationCopy3,modImplementationCopy4
net.fabricmc.fabric-api:fabric-serialization-api-v1:1.0.5+4ebb5c083e=modImplementation,modImplementationCopy,modImplementationCopy2,modImplementationCopy3,modImplementationCopy4
net.fabricmc.fabric-api:fabric-sound-api-v1:1.0.51+4fc5413f3e=modImplementation,modImplementationCopy,modImplementationCopy2,modImplementationCopy3,modImplementationCopy4
net.fabricmc.fabric-api:fabric-tag-api-v1:1.2.20+4fc5413f3e=modImplementation,modImplementationCopy,modImplementationCopy2,modImplementationCopy3,modImplementationCopy4
net.fabricmc.fabric-api:fabric-transfer-api-v1:6.0.25+4fc5413f3e=modImplementation,modImplementationCopy,modImplementationCopy2,modImplementationCopy3,modImplementationCopy4
net.fabricmc.fabric-api:fabric-transitive-access-wideners-v1:7.1.0+014c8cec3e=modImplementation,modImplementationCopy,modImplementationCopy2,modImplementationCopy3,modImplementationCopy4
net.fabricmc:fabric-loader:0.19.1=compileClasspath,modImplementation,modImplementationCopy,modImplementationCopy2,modImplementationCopy3,modImplementationCopy4
net.fabricmc:sponge-mixin:0.17.1+mixin.0.8.7=compileClasspath
net.java.dev.jna:jna-platform:5.17.0=compileClasspath,minecraftLibraries
net.java.dev.jna:jna:5.17.0=compileClasspath,minecraftLibraries
net.minecraft:minecraft-merged-6dd721cd7d:1.21.11-loom.mappings.1_21_11.layered+hash.2198-v2=compileClasspath
net.sf.jopt-simple:jopt-simple:5.0.4=compileClasspath,minecraftLibraries
org.apache.commons:commons-compress:1.28.0=compileClasspath,minecraftLibraries
org.apache.commons:commons-lang3:3.19.0=compileClasspath,minecraftLibraries
org.apache.logging.log4j:log4j-api:2.25.2=compileClasspath,minecraftLibraries
org.apache.logging.log4j:log4j-core:2.25.2=compileClasspath,minecraftLibraries
org.apache.logging.log4j:log4j-slf4j2-impl:2.25.2=compileClasspath,minecraftLibraries
org.jcraft:jorbis:0.0.17=compileClasspath,minecraftLibraries
org.jetbrains:annotations:26.0.2=compileClasspath
org.joml:joml:1.10.8=compileClasspath,minecraftLibraries
org.jspecify:jspecify:1.0.0=compileClasspath,minecraftLibraries
org.lwjgl:lwjgl-freetype:3.3.3=compileClasspath,minecraftLibraries
org.lwjgl:lwjgl-glfw:3.3.3=compileClasspath,minecraftLibraries
org.lwjgl:lwjgl-jemalloc:3.3.3=compileClasspath,minecraftLibraries
org.lwjgl:lwjgl-openal:3.3.3=compileClasspath,minecraftLibraries
org.lwjgl:lwjgl-opengl:3.3.3=compileClasspath,minecraftLibraries
org.lwjgl:lwjgl-stb:3.3.3=compileClasspath,minecraftLibraries
org.lwjgl:lwjgl-tinyfd:3.3.3=compileClasspath,minecraftLibraries
org.lwjgl:lwjgl:3.3.3=compileClasspath,minecraftLibraries
org.ow2.asm:asm-analysis:9.9=compileClasspath
org.ow2.asm:asm-commons:9.9=compileClasspath
org.ow2.asm:asm-tree:9.9=compileClasspath
org.ow2.asm:asm-util:9.9=compileClasspath
org.ow2.asm:asm:9.9=compileClasspath
org.slf4j:slf4j-api:2.0.17=compileClasspath,minecraftLibraries
remapped.maven.modrinth:modmenu-4abd26ae:17.0.0=compileClasspath
remapped.net.fabricmc.fabric-api:fabric-api-4abd26ae:0.141.3+1.21.11=compileClasspath
remapped.net.fabricmc.fabric-api:fabric-api-base-4abd26ae:1.0.5+4ebb5c083e=compileClasspath
remapped.net.fabricmc.fabric-api:fabric-api-lookup-api-v1-4abd26ae:1.6.114+20dc27073e=compileClasspath
remapped.net.fabricmc.fabric-api:fabric-biome-api-v1-4abd26ae:17.1.1+4fc5413f3e=compileClasspath
remapped.net.fabricmc.fabric-api:fabric-block-api-v1-4abd26ae:1.1.10+4ebb5c083e=compileClasspath
remapped.net.fabricmc.fabric-api:fabric-block-view-api-v2-4abd26ae:1.0.39+4ebb5c083e=compileClasspath
remapped.net.fabricmc.fabric-api:fabric-client-gametest-api-v1-4abd26ae:4.3.5+bfe9fcf43e=compileClasspath
remapped.net.fabricmc.fabric-api:fabric-command-api-v2-4abd26ae:2.4.7+6b42a6003e=compileClasspath
remapped.net.fabricmc.fabric-api:fabric-content-registries-v0-4abd26ae:10.2.14+4fc5413f3e=compileClasspath
remapped.net.fabricmc.fabric-api:fabric-convention-tags-v1-4abd26ae:2.1.55+7f945d5b3e=compileClasspath
remapped.net.fabricmc.fabric-api:fabric-convention-tags-v2-4abd26ae:2.17.3+8ef948ba3e=compileClasspath
remapped.net.fabricmc.fabric-api:fabric-crash-report-info-v1-4abd26ae:0.3.23+4ebb5c083e=compileClasspath
remapped.net.fabricmc.fabric-api:fabric-data-attachment-api-v1-4abd26ae:1.8.47+eed0806f3e=compileClasspath
remapped.net.fabricmc.fabric-api:fabric-data-generation-api-v1-4abd26ae:23.4.0+69974c4e3e=compileClasspath
remapped.net.fabricmc.fabric-api:fabric-dimensions-v1-4abd26ae:4.0.28+4fc5413f3e=compileClasspath
remapped.net.fabricmc.fabric-api:fabric-entity-events-v1-4abd26ae:3.1.1+1d0ab4303e=compileClasspath
remapped.net.fabricmc.fabric-api:fabric-events-interaction-v0-4abd26ae:4.1.0+3b89ecf63e=compileClasspath
remapped.net.fabricmc.fabric-api:fabric-game-rule-api-v1-4abd26ae:2.0.3+4fc5413f3e=compileClasspath
remapped.net.fabricmc.fabric-api:fabric-gametest-api-v1-4abd26ae:3.1.27+4fc5413f3e=compileClasspath
remapped.net.fabricmc.fabric-api:fabric-item-api-v1-4abd26ae:11.5.20+d0c46b9e3e=compileClasspath
remapped.net.fabricmc.fabric-api:fabric-item-group-api-v1-4abd26ae:4.2.36+4fc5413f3e=compileClasspath
remapped.net.fabricmc.fabric-api:fabric-key-binding-api-v1-4abd26ae:1.1.7+4fc5413f3e=compileClasspath
remapped.net.fabricmc.fabric-api:fabric-lifecycle-events-v1-4abd26ae:2.6.15+4ebb5c083e=compileClasspath
remapped.net.fabricmc.fabric-api:fabric-loot-api-v2-4abd26ae:3.0.73+3f89f5a53e=compileClasspath
remapped.net.fabricmc.fabric-api:fabric-loot-api-v3-4abd26ae:2.0.20+78c8b4663e=compileClasspath
remapped.net.fabricmc.fabric-api:fabric-message-api-v1-4abd26ae:6.1.12+4ebb5c083e=compileClasspath
remapped.net.fabricmc.fabric-api:fabric-model-loading-api-v1-4abd26ae:6.0.15+4fc5413f3e=compileClasspath
remapped.net.fabricmc.fabric-api:fabric-networking-api-v1-4abd26ae:5.1.5+ae1e07683e=compileClasspath
remapped.net.fabricmc.fabric-api:fabric-object-builder-api-v1-4abd26ae:21.1.39+4fc5413f3e=compileClasspath
remapped.net.fabricmc.fabric-api:fabric-particles-v1-4abd26ae:4.2.11+4fc5413f3e=compileClasspath
remapped.net.fabricmc.fabric-api:fabric-recipe-api-v1-4abd26ae:8.2.3+4ebb5c083e=compileClasspath
remapped.net.fabricmc.fabric-api:fabric-registry-sync-v0-4abd26ae:6.2.5+1718722b3e=compileClasspath
remapped.net.fabricmc.fabric-api:fabric-renderer-api-v1-4abd26ae:8.0.3+f4ffd2e53e=compileClasspath
remapped.net.fabricmc.fabric-api:fabric-renderer-indigo-4abd26ae:5.0.3+f4ffd2e53e=compileClasspath
remapped.net.fabricmc.fabric-api:fabric-rendering-fluids-v1-4abd26ae:3.1.43+4ebb5c083e=compileClasspath
remapped.net.fabricmc.fabric-api:fabric-rendering-v1-4abd26ae:16.2.10+0290ad933e=compileClasspath
remapped.net.fabricmc.fabric-api:fabric-resource-conditions-api-v1-4abd26ae:5.0.35+4fc5413f3e=compileClasspath
remapped.net.fabricmc.fabric-api:fabric-resource-loader-v0-4abd26ae:3.3.4+4fc5413f3e=compileClasspath
remapped.net.fabricmc.fabric-api:fabric-resource-loader-v1-4abd26ae:1.0.10+78c8b4663e=compileClasspath
remapped.net.fabricmc.fabric-api:fabric-screen-api-v1-4abd26ae:3.1.7+4ebb5c083e=compileClasspath
remapped.net.fabricmc.fabric-api:fabric-screen-handler-api-v1-4abd26ae:1.3.161+4fc5413f3e=compileClasspath
remapped.net.fabricmc.fabric-api:fabric-serialization-api-v1-4abd26ae:1.0.5+4ebb5c083e=compileClasspath
remapped.net.fabricmc.fabric-api:fabric-sound-api-v1-4abd26ae:1.0.51+4fc5413f3e=compileClasspath
remapped.net.fabricmc.fabric-api:fabric-tag-api-v1-4abd26ae:1.2.20+4fc5413f3e=compileClasspath
remapped.net.fabricmc.fabric-api:fabric-transfer-api-v1-4abd26ae:6.0.25+4fc5413f3e=compileClasspath
remapped.net.fabricmc.fabric-api:fabric-transitive-access-wideners-v1-4abd26ae:7.1.0+014c8cec3e=compileClasspath
empty=annotationProcessor,modApi,modApiCopy,modApiCopy2,modApiCopy3,modApiCopy4,modCompileOnlyApi,modCompileOnlyApiCopy,modCompileOnlyApiCopy2,modRuntimeOnly,modRuntimeOnlyCopy,modRuntimeOnlyCopy2
