# This is a Gradle generated file for dependency locking.
# Manual edits can break the build and are not advised.
# This file is expected to be part of source control.
com.fasterxml.jackson.core:jackson-annotations:2.13.4=compileClasspath,minecraftClientLibraries,minecraftClientRuntimeLibraries,minecraftLibraries,minecraftNamedCompile,minecraftNamedRuntime,minecraftRuntimeLibraries,minecraftServerLibraries,minecraftServerRuntimeLibraries,minecraftTestClientRuntimeLibraries,runtimeClasspath,testCompileClasspath,testRuntimeClasspath
com.fasterxml.jackson.core:jackson-core:2.13.4=compileClasspath,minecraftClientLibraries,minecraftClientRuntimeLibraries,minecraftLibraries,minecraftNamedCompile,minecraftNamedRuntime,minecraftRuntimeLibraries,minecraftServerLibraries,minecraftServerRuntimeLibraries,minecraftTestClientRuntimeLibraries,runtimeClasspath,testCompileClasspath,testRuntimeClasspath
com.fasterxml.jackson.core:jackson-databind:2.13.4.2=compileClasspath,minecraftClientLibraries,minecraftClientRuntimeLibraries,minecraftLibraries,minecraftNamedCompile,minecraftNamedRuntime,minecraftRuntimeLibraries,minecraftServerLibraries,minecraftServerRuntimeLibraries,minecraftTestClientRuntimeLibraries,runtimeClasspath,testCompileClasspath,testRuntimeClasspath
com.github.oshi:oshi-core:6.4.10=compileClasspath,minecraftClientLibraries,minecraftClientRuntimeLibraries,minecraftLibraries,minecraftNamedCompile,minecraftNamedRuntime,minecraftRuntimeLibraries,minecraftServerLibraries,minecraftServerRuntimeLibraries,minecraftTestClientRuntimeLibraries,runtimeClasspath,testCompileClasspath,testRuntimeClasspath
com.github.stephenc.jcip:jcip-annotations:1.0-1=compileClasspath,minecraftClientLibraries,minecraftClientRuntimeLibraries,minecraftLibraries,minecraftNamedCompile,minecraftNamedRuntime,minecraftRuntimeLibraries,minecraftServerLibraries,minecraftServerRuntimeLibraries,minecraftTestClientRuntimeLibraries,runtimeClasspath,testCompileClasspath,testRuntimeClasspath
com.google.code.gson:gson:2.10.1=compileClasspath,minecraftClientLibraries,minecraftClientRuntimeLibraries,minecraftLibraries,minecraftNamedCompile,minecraftNamedRuntime,minecraftRuntimeLibraries,minecraftServerLibraries,minecraftServerRuntimeLibraries,minecraftTestClientRuntimeLibraries,runtimeClasspath,testCompileClasspath,testRuntimeClasspath
com.google.guava:failureaccess:1.0.1=compileClasspath,minecraftClientLibraries,minecraftClientRuntimeLibraries,minecraftLibraries,minecraftNamedCompile,minecraftNamedRuntime,minecraftRuntimeLibraries,minecraftServerLibraries,minecraftServerRuntimeLibraries,minecraftTestClientRuntimeLibraries,runtimeClasspath,testCompileClasspath,testRuntimeClasspath
com.google.guava:guava:32.1.2-jre=compileClasspath,minecraftClientLibraries,minecraftClientRuntimeLibraries,minecraftLibraries,minecraftNamedCompile,minecraftNamedRuntime,minecraftRuntimeLibraries,minecraftServerLibraries,minecraftServerRuntimeLibraries,minecraftTestClientRuntimeLibraries,runtimeClasspath,testCompileClasspath,testRuntimeClasspath
com.ibm.icu:icu4j:73.2=compileClasspath,minecraftClientLibraries,minecraftClientRuntimeLibraries,minecraftLibraries,minecraftNamedCompile,minecraftNamedRuntime,minecraftRuntimeLibraries,minecraftTestClientRuntimeLibraries,runtimeClasspath,testCompileClasspath,testRuntimeClasspath
com.microsoft.azure:msal4j:1.15.0=compileClasspath,minecraftClientLibraries,minecraftClientRuntimeLibraries,minecraftLibraries,minecraftNamedCompile,minecraftNamedRuntime,minecraftRuntimeLibraries,minecraftServerLibraries,minecraftServerRuntimeLibraries,minecraftTestClientRuntimeLibraries,runtimeClasspath,testCompileClasspath,testRuntimeClasspath
com.mojang:authlib:6.0.55=compileClasspath,minecraftClientLibraries,minecraftClientRuntimeLibraries,minecraftLibraries,minecraftNamedCompile,minecraftNamedRuntime,minecraftRuntimeLibraries,minecraftServerLibraries,minecraftServerRuntimeLibraries,minecraftTestClientRuntimeLibraries,runtimeClasspath,testCompileClasspath,testRuntimeClasspath
com.mojang:blocklist:1.0.10=compileClasspath,minecraftClientLibraries,minecraftClientRuntimeLibraries,minecraftLibraries,minecraftNamedCompile,minecraftNamedRuntime,minecraftRuntimeLibraries,minecraftTestClientRuntimeLibraries,runtimeClasspath,testCompileClasspath,testRuntimeClasspath
com.mojang:brigadier:1.3.10=compileClasspath,minecraftClientLibraries,minecraftClientRuntimeLibraries,minecraftLibraries,minecraftNamedCompile,minecraftNamedRuntime,minecraftRuntimeLibraries,minecraftServerLibraries,minecraftServerRuntimeLibraries,minecraftTestClientRuntimeLibraries,runtimeClasspath,testCompileClasspath,testRuntimeClasspath
com.mojang:datafixerupper:8.0.16=compileClasspath,minecraftClientLibraries,minecraftClientRuntimeLibraries,minecraftLibraries,minecraftNamedCompile,minecraftNamedRuntime,minecraftRuntimeLibraries,minecraftServerLibraries,minecraftServerRuntimeLibraries,minecraftTestClientRuntimeLibraries,runtimeClasspath,testCompileClasspath,testRuntimeClasspath
com.mojang:jtracy:1.0.29=compileClasspath,minecraftClientLibraries,minecraftClientRuntimeLibraries,minecraftLibraries,minecraftNamedCompile,minecraftNamedRuntime,minecraftNatives,minecraftRuntimeLibraries,minecraftServerLibraries,minecraftServerRuntimeLibraries,minecraftTestClientRuntimeLibraries,runtimeClasspath,testCompileClasspath,testRuntimeClasspath
com.mojang:logging:1.4.9=compileClasspath,minecraftClientLibraries,minecraftClientRuntimeLibraries,minecraftLibraries,minecraftNamedCompile,minecraftNamedRuntime,minecraftRuntimeLibraries,minecraftServerLibraries,minecraftServerRuntimeLibraries,minecraftTestClientRuntimeLibraries,runtimeClasspath,testCompileClasspath,testRuntimeClasspath
com.mojang:patchy:2.2.10=compileClasspath,minecraftClientLibraries,minecraftClientRuntimeLibraries,minecraftLibraries,minecraftNamedCompile,minecraftNamedRuntime,minecraftRuntimeLibraries,minecraftTestClientRuntimeLibraries,runtimeClasspath,testCompileClasspath,testRuntimeClasspath
com.mojang:text2speech:1.17.9=compileClasspath,minecraftClientLibraries,minecraftClientRuntimeLibraries,minecraftLibraries,minecraftNamedCompile,minecraftNamedRuntime,minecraftRuntimeLibraries,minecraftTestClientRuntimeLibraries,runtimeClasspath,testCompileClasspath,testRuntimeClasspath
com.nimbusds:content-type:2.3=compileClasspath,minecraftClientLibraries,minecraftClientRuntimeLibraries,minecraftLibraries,minecraftNamedCompile,minecraftNamedRuntime,minecraftRuntimeLibraries,minecraftServerLibraries,minecraftServerRuntimeLibraries,minecraftTestClientRuntimeLibraries,runtimeClasspath,testCompileClasspath,testRuntimeClasspath
com.nimbusds:lang-tag:1.7=compileClasspath,minecraftClientLibraries,minecraftClientRuntimeLibraries,minecraftLibraries,minecraftNamedCompile,minecraftNamedRuntime,minecraftRuntimeLibraries,minecraftServerLibraries,minecraftServerRuntimeLibraries,minecraftTestClientRuntimeLibraries,runtimeClasspath,testCompileClasspath,testRuntimeClasspath
com.nimbusds:nimbus-jose-jwt:9.37.3=compileClasspath,minecraftClientLibraries,minecraftClientRuntimeLibraries,minecraftLibraries,minecraftNamedCompile,minecraftNamedRuntime,minecraftRuntimeLibraries,minecraftServerLibraries,minecraftServerRuntimeLibraries,minecraftTestClientRuntimeLibraries,runtimeClasspath,testCompileClasspath,testRuntimeClasspath
com.nimbusds:oauth2-oidc-sdk:11.9.1=compileClasspath,minecraftClientLibraries,minecraftClientRuntimeLibraries,minecraftLibraries,minecraftNamedCompile,minecraftNamedRuntime,minecraftRuntimeLibraries,minecraftServerLibraries,minecraftServerRuntimeLibraries,minecraftTestClientRuntimeLibraries,runtimeClasspath,testCompileClasspath,testRuntimeClasspath
commons-codec:commons-codec:1.16.0=compileClasspath,minecraftClientLibraries,minecraftClientRuntimeLibraries,minecraftLibraries,minecraftNamedCompile,minecraftNamedRuntime,minecraftRuntimeLibraries,minecraftTestClientRuntimeLibraries,runtimeClasspath,testCompileClasspath,testRuntimeClasspath
commons-io:commons-io:2.15.1=compileClasspath,minecraftClientLibraries,minecraftClientRuntimeLibraries,minecraftLibraries,minecraftNamedCompile,minecraftNamedRuntime,minecraftRuntimeLibraries,minecraftServerLibraries,minecraftServerRuntimeLibraries,minecraftTestClientRuntimeLibraries,runtimeClasspath,testCompileClasspath,testRuntimeClasspath
commons-logging:commons-logging:1.2=compileClasspath,minecraftClientLibraries,minecraftClientRuntimeLibraries,minecraftLibraries,minecraftNamedCompile,minecraftNamedRuntime,minecraftRuntimeLibraries,minecraftTestClientRuntimeLibraries,runtimeClasspath,testCompileClasspath,testRuntimeClasspath
io.github.llamalad7:mixinextras-fabric:0.4.1=compileClasspath,loaderLibraries,minecraftNamedCompile,minecraftNamedRuntime,minecraftTestClientRuntimeLibraries,runtimeClasspath,testCompileClasspath,testRuntimeClasspath
io.netty:netty-buffer:4.1.97.Final=compileClasspath,minecraftClientLibraries,minecraftClientRuntimeLibraries,minecraftLibraries,minecraftNamedCompile,minecraftNamedRuntime,minecraftRuntimeLibraries,minecraftServerLibraries,minecraftServerRuntimeLibraries,minecraftTestClientRuntimeLibraries,runtimeClasspath,testCompileClasspath,testRuntimeClasspath
io.netty:netty-codec:4.1.97.Final=compileClasspath,minecraftClientLibraries,minecraftClientRuntimeLibraries,minecraftLibraries,minecraftNamedCompile,minecraftNamedRuntime,minecraftRuntimeLibraries,minecraftServerLibraries,minecraftServerRuntimeLibraries,minecraftTestClientRuntimeLibraries,runtimeClasspath,testCompileClasspath,testRuntimeClasspath
io.netty:netty-common:4.1.97.Final=compileClasspath,minecraftClientLibraries,minecraftClientRuntimeLibraries,minecraftLibraries,minecraftNamedCompile,minecraftNamedRuntime,minecraftRuntimeLibraries,minecraftServerLibraries,minecraftServerRuntimeLibraries,minecraftTestClientRuntimeLibraries,runtimeClasspath,testCompileClasspath,testRuntimeClasspath
io.netty:netty-handler:4.1.97.Final=compileClasspath,minecraftClientLibraries,minecraftClientRuntimeLibraries,minecraftLibraries,minecraftNamedCompile,minecraftNamedRuntime,minecraftRuntimeLibraries,minecraftServerLibraries,minecraftServerRuntimeLibraries,minecraftTestClientRuntimeLibraries,runtimeClasspath,testCompileClasspath,testRuntimeClasspath
io.netty:netty-resolver:4.1.97.Final=compileClasspath,minecraftClientLibraries,minecraftClientRuntimeLibraries,minecraftLibraries,minecraftNamedCompile,minecraftNamedRuntime,minecraftRuntimeLibraries,minecraftServerLibraries,minecraftServerRuntimeLibraries,minecraftTestClientRuntimeLibraries,runtimeClasspath,testCompileClasspath,testRuntimeClasspath
io.netty:netty-transport-classes-epoll:4.1.97.Final=compileClasspath,minecraftClientLibraries,minecraftClientRuntimeLibraries,minecraftLibraries,minecraftNamedCompile,minecraftNamedRuntime,minecraftRuntimeLibraries,minecraftServerLibraries,minecraftServerRuntimeLibraries,minecraftTestClientRuntimeLibraries,runtimeClasspath,testCompileClasspath,testRuntimeClasspath
io.netty:netty-transport-native-epoll:4.1.97.Final=compileClasspath,minecraftLibraries,minecraftNamedCompile,minecraftNamedRuntime,minecraftRuntimeLibraries,minecraftServerLibraries,minecraftServerRuntimeLibraries,runtimeClasspath,testCompileClasspath,testRuntimeClasspath
io.netty:netty-transport-native-unix-common:4.1.97.Final=compileClasspath,minecraftClientLibraries,minecraftClientRuntimeLibraries,minecraftLibraries,minecraftNamedCompile,minecraftNamedRuntime,minecraftRuntimeLibraries,minecraftServerLibraries,minecraftServerRuntimeLibraries,minecraftTestClientRuntimeLibraries,runtimeClasspath,testCompileClasspath,testRuntimeClasspath
io.netty:netty-transport:4.1.97.Final=compileClasspath,minecraftClientLibraries,minecraftClientRuntimeLibraries,minecraftLibraries,minecraftNamedCompile,minecraftNamedRuntime,minecraftRuntimeLibraries,minecraftServerLibraries,minecraftServerRuntimeLibraries,minecraftTestClientRuntimeLibraries,runtimeClasspath,testCompileClasspath,testRuntimeClasspath
it.unimi.dsi:fastutil:8.5.12=compileClasspath,minecraftClientLibraries,minecraftClientRuntimeLibraries,minecraftLibraries,minecraftNamedCompile,minecraftNamedRuntime,minecraftRuntimeLibraries,minecraftServerLibraries,minecraftServerRuntimeLibraries,minecraftTestClientRuntimeLibraries,runtimeClasspath,testCompileClasspath,testRuntimeClasspath
loom:mappings:layered+hash.2198=mappings
maven.modrinth:modmenu:12.0.1=modCompileClasspath,modCompileOnly,modCompileOnlyCopy,modCompileOnlyCopy2,modLocalRuntime,modLocalRuntimeCopy,modLocalRuntimeCopy2
net.fabricmc.fabric-api:fabric-api-base:0.4.50+119c825640=modCompileClasspath,modImplementation,modImplementationCopy,modImplementationCopy2,modImplementationCopy3,modImplementationCopy4
net.fabricmc.fabric-api:fabric-api-deprecated:0.114.1+1.21.3=modCompileClasspath,modImplementation,modImplementationCopy,modImplementationCopy2,modImplementationCopy3,modImplementationCopy4
net.fabricmc.fabric-api:fabric-api-lookup-api-v1:1.6.81+fd37071f40=modCompileClasspath,modImplementation,modImplementationCopy,modImplementationCopy2,modImplementationCopy3,modImplementationCopy4
net.fabricmc.fabric-api:fabric-api:0.114.1+1.21.3=modCompileClasspath,modImplementation,modImplementationCopy,modImplementationCopy2,modImplementationCopy3,modImplementationCopy4
net.fabricmc.fabric-api:fabric-biome-api-v1:14.0.7+add2a48640=modCompileClasspath,modImplementation,modImplementationCopy,modImplementationCopy2,modImplementationCopy3,modImplementationCopy4
net.fabricmc.fabric-api:fabric-block-api-v1:1.0.28+fd37071f40=modCompileClasspath,modImplementation,modImplementationCopy,modImplementationCopy2,modImplementationCopy3,modImplementationCopy4
net.fabricmc.fabric-api:fabric-block-view-api-v2:1.0.16+fd37071f40=modCompileClasspath,modImplementation,modImplementationCopy,modImplementationCopy2,modImplementationCopy3,modImplementationCopy4
net.fabricmc.fabric-api:fabric-blockrenderlayer-v1:2.0.4+fd37071f40=modCompileClasspath,modImplementation,modImplementationCopy,modImplementationCopy2,modImplementationCopy3,modImplementationCopy4
net.fabricmc.fabric-api:fabric-client-tags-api-v1:1.1.25+a730659c40=modCompileClasspath,modImplementation,modImplementationCopy,modImplementationCopy2,modImplementationCopy3,modImplementationCopy4
net.fabricmc.fabric-api:fabric-command-api-v1:1.2.58+f71b366f40=modCompileClasspath,modImplementation,modImplementationCopy,modImplementationCopy2,modImplementationCopy3,modImplementationCopy4
net.fabricmc.fabric-api:fabric-command-api-v2:2.2.37+c9d82ab240=modCompileClasspath,modImplementation,modImplementationCopy,modImplementationCopy2,modImplementationCopy3,modImplementationCopy4
net.fabricmc.fabric-api:fabric-commands-v0:0.2.75+df3654b340=modCompileClasspath,modImplementation,modImplementationCopy,modImplementationCopy2,modImplementationCopy3,modImplementationCopy4
net.fabricmc.fabric-api:fabric-content-registries-v0:9.1.8+fd37071f40=modCompileClasspath,modImplementation,modImplementationCopy,modImplementationCopy2,modImplementationCopy3,modImplementationCopy4
net.fabricmc.fabric-api:fabric-convention-tags-v1:2.1.4+7f945d5b40=modCompileClasspath,modImplementation,modImplementationCopy,modImplementationCopy2,modImplementationCopy3,modImplementationCopy4
net.fabricmc.fabric-api:fabric-convention-tags-v2:2.9.4+129f0c1f40=modCompileClasspath,modImplementation,modImplementationCopy,modImplementationCopy2,modImplementationCopy3,modImplementationCopy4
net.fabricmc.fabric-api:fabric-crash-report-info-v1:0.3.3+fd37071f40=modCompileClasspath,modImplementation,modImplementationCopy,modImplementationCopy2,modImplementationCopy3,modImplementationCopy4
net.fabricmc.fabric-api:fabric-data-attachment-api-v1:1.4.0+dbad41f140=modCompileClasspath,modImplementation,modImplementationCopy,modImplementationCopy2,modImplementationCopy3,modImplementationCopy4
net.fabricmc.fabric-api:fabric-data-generation-api-v1:21.1.2+a730659c40=modCompileClasspath,modImplementation,modImplementationCopy,modImplementationCopy2,modImplementationCopy3,modImplementationCopy4
net.fabricmc.fabric-api:fabric-dimensions-v1:4.0.7+fd37071f40=modCompileClasspath,modImplementation,modImplementationCopy,modImplementationCopy2,modImplementationCopy3,modImplementationCopy4
net.fabricmc.fabric-api:fabric-entity-events-v1:2.0.8+825023f840=modCompileClasspath,modImplementation,modImplementationCopy,modImplementationCopy2,modImplementationCopy3,modImplementationCopy4
net.fabricmc.fabric-api:fabric-events-interaction-v0:2.0.12+c2c3ac4740=modCompileClasspath,modImplementation,modImplementationCopy,modImplementationCopy2,modImplementationCopy3,modImplementationCopy4
net.fabricmc.fabric-api:fabric-game-rule-api-v1:1.0.59+fd37071f40=modCompileClasspath,modImplementation,modImplementationCopy,modImplementationCopy2,modImplementationCopy3,modImplementationCopy4
net.fabricmc.fabric-api:fabric-gametest-api-v1:2.0.15+fd37071f40=modCompileClasspath,modImplementation,modImplementationCopy,modImplementationCopy2,modImplementationCopy3,modImplementationCopy4
net.fabricmc.fabric-api:fabric-item-api-v1:11.1.7+fd37071f40=modCompileClasspath,modImplementation,modImplementationCopy,modImplementationCopy2,modImplementationCopy3,modImplementationCopy4
net.fabricmc.fabric-api:fabric-item-group-api-v1:4.1.17+fd37071f40=modCompileClasspath,modImplementation,modImplementationCopy,modImplementationCopy2,modImplementationCopy3,modImplementationCopy4
net.fabricmc.fabric-api:fabric-key-binding-api-v1:1.0.53+fd37071f40=modCompileClasspath,modImplementation,modImplementationCopy,modImplementationCopy2,modImplementationCopy3,modImplementationCopy4
net.fabricmc.fabric-api:fabric-keybindings-v0:0.2.51+df3654b340=modCompileClasspath,modImplementation,modImplementationCopy,modImplementationCopy2,modImplementationCopy3,modImplementationCopy4
net.fabricmc.fabric-api:fabric-lifecycle-events-v1:2.5.1+6da5ef6940=modCompileClasspath,modImplementation,modImplementationCopy,modImplementationCopy2,modImplementationCopy3,modImplementationCopy4
net.fabricmc.fabric-api:fabric-loot-api-v2:3.0.26+3f89f5a540=modCompileClasspath,modImplementation,modImplementationCopy,modImplementationCopy2,modImplementationCopy3,modImplementationCopy4
net.fabricmc.fabric-api:fabric-loot-api-v3:1.0.14+fd37071f40=modCompileClasspath,modImplementation,modImplementationCopy,modImplementationCopy2,modImplementationCopy3,modImplementationCopy4
net.fabricmc.fabric-api:fabric-message-api-v1:6.0.22+5a9b22c640=modCompileClasspath,modImplementation,modImplementationCopy,modImplementationCopy2,modImplementationCopy3,modImplementationCopy4
net.fabricmc.fabric-api:fabric-model-loading-api-v1:3.0.9+fd37071f40=modCompileClasspath,modImplementation,modImplementationCopy,modImplementationCopy2,modImplementationCopy3,modImplementationCopy4
net.fabricmc.fabric-api:fabric-networking-api-v1:4.3.5+fd37071f40=modCompileClasspath,modImplementation,modImplementationCopy,modImplementationCopy2,modImplementationCopy3,modImplementationCopy4
net.fabricmc.fabric-api:fabric-object-builder-api-v1:17.0.9+fd37071f40=modCompileClasspath,modImplementation,modImplementationCopy,modImplementationCopy2,modImplementationCopy3,modImplementationCopy4
net.fabricmc.fabric-api:fabric-particles-v1:4.0.10+fd37071f40=modCompileClasspath,modImplementation,modImplementationCopy,modImplementationCopy2,modImplementationCopy3,modImplementationCopy4
net.fabricmc.fabric-api:fabric-recipe-api-v1:7.0.5+8ea69ff840=modCompileClasspath,modImplementation,modImplementationCopy,modImplementationCopy2,modImplementationCopy3,modImplementationCopy4
net.fabricmc.fabric-api:fabric-registry-sync-v0:5.4.1+3f3c499540=modCompileClasspath,modImplementation,modImplementationCopy,modImplementationCopy2,modImplementationCopy3,modImplementationCopy4
net.fabricmc.fabric-api:fabric-renderer-api-v1:4.0.5+fd37071f40=modCompileClasspath,modImplementation,modImplementationCopy,modImplementationCopy2,modImplementationCopy3,modImplementationCopy4
net.fabricmc.fabric-api:fabric-renderer-indigo:1.9.5+fd37071f40=modCompileClasspath,modImplementation,modImplementationCopy,modImplementationCopy2,modImplementationCopy3,modImplementationCopy4
net.fabricmc.fabric-api:fabric-rendering-data-attachment-v1:0.3.54+73761d2e40=modCompileClasspath,modImplementation,modImplementationCopy,modImplementationCopy2,modImplementationCopy3,modImplementationCopy4
net.fabricmc.fabric-api:fabric-rendering-fluids-v1:3.1.15+fd37071f40=modCompileClasspath,modImplementation,modImplementationCopy,modImplementationCopy2,modImplementationCopy3,modImplementationCopy4
net.fabricmc.fabric-api:fabric-rendering-v0:1.1.84+df3654b340=modCompileClasspath,modImplementation,modImplementationCopy,modImplementationCopy2,modImplementationCopy3,modImplementationCopy4
net.fabricmc.fabric-api:fabric-rendering-v1:8.0.8+6922831640=modCompileClasspath,modImplementation,modImplementationCopy,modImplementationCopy2,modImplementationCopy3,modImplementationCopy4
net.fabricmc.fabric-api:fabric-resource-conditions-api-v1:5.0.8+fd37071f40=modCompileClasspath,modImplementation,modImplementationCopy,modImplementationCopy2,modImplementationCopy3,modImplementationCopy4
net.fabricmc.fabric-api:fabric-resource-loader-v0:3.0.6+fd37071f40=modCompileClasspath,modImplementation,modImplementationCopy,modImplementationCopy2,modImplementationCopy3,modImplementationCopy4
net.fabricmc.fabric-api:fabric-screen-api-v1:2.0.34+fd37071f40=modCompileClasspath,modImplementation,modImplementationCopy,modImplementationCopy2,modImplementationCopy3,modImplementationCopy4
net.fabricmc.fabric-api:fabric-screen-handler-api-v1:1.3.103+fd37071f40=modCompileClasspath,modImplementation,modImplementationCopy,modImplementationCopy2,modImplementationCopy3,modImplementationCopy4
net.fabricmc.fabric-api:fabric-sound-api-v1:1.0.29+fd37071f40=modCompileClasspath,modImplementation,modImplementationCopy,modImplementationCopy2,modImplementationCopy3,modImplementationCopy4
net.fabricmc.fabric-api:fabric-tag-api-v1:1.0.0+a730659c40=modCompileClasspath,modImplementation,modImplementationCopy,modImplementationCopy2,modImplementationCopy3,modImplementationCopy4
net.fabricmc.fabric-api:fabric-transfer-api-v1:5.4.3+cb44d14340=modCompileClasspath,modImplementation,modImplementationCopy,modImplementationCopy2,modImplementationCopy3,modImplementationCopy4
net.fabricmc.fabric-api:fabric-transitive-access-wideners-v1:6.2.0+54a41b1c40=modCompileClasspath,modImplementation,modImplementationCopy,modImplementationCopy2,modImplementationCopy3,modImplementationCopy4
net.fabricmc:cfr:0.2.2=cfrDecompilerClasspath
net.fabricmc:dev-launch-injector:0.2.1+build.8=loomDevelopmentDependencies,minecraftNamedRuntime,runtimeClasspath,testRuntimeClasspath
net.fabricmc:fabric-fernflower:2.0.0=fernflowerDecompilerClasspath
net.fabricmc:fabric-loader:0.16.14=compileClasspath,modCompileClasspath,modCompileClasspathMainMapped,modCompileClasspathMapped,modImplementation,modImplementationCopy,modImplementationCopy2,modImplementationCopy3,modImplementationCopy4,modRuntimeClasspathMainMapped,runtimeClasspath,testCompileClasspath,testRuntimeClasspath
net.fabricmc:fabric-log4j-util:1.0.2=loomDevelopmentDependencies,minecraftNamedRuntime,runtimeClasspath,testRuntimeClasspath
net.fabricmc:sponge-mixin:0.15.5+mixin.0.8.7=compileClasspath,loaderLibraries,minecraftNamedCompile,minecraftNamedRuntime,minecraftTestClientRuntimeLibraries,runtimeClasspath,testCompileClasspath,testRuntimeClasspath
net.java.dev.jna:jna-platform:5.14.0=compileClasspath,minecraftClientLibraries,minecraftClientRuntimeLibraries,minecraftLibraries,minecraftNamedCompile,minecraftNamedRuntime,minecraftRuntimeLibraries,minecraftServerLibraries,minecraftServerRuntimeLibraries,minecraftTestClientRuntimeLibraries,runtimeClasspath,testCompileClasspath,testRuntimeClasspath
net.java.dev.jna:jna:5.14.0=compileClasspath,minecraftClientLibraries,minecraftClientRuntimeLibraries,minecraftLibraries,minecraftNamedCompile,minecraftNamedRuntime,minecraftRuntimeLibraries,minecraftServerLibraries,minecraftServerRuntimeLibraries,minecraftTestClientRuntimeLibraries,runtimeClasspath,testCompileClasspath,testRuntimeClasspath
net.minecraft:minecraft-merged-fc511e2cda:1.21.3-loom.mappings.1_21_3.layered+hash.2198-v2=compileClasspath,minecraftNamedCompile,minecraftNamedRuntime,runtimeClasspath,testCompileClasspath,testRuntimeClasspath
net.minidev:accessors-smart:2.5.0=compileClasspath,minecraftClientLibraries,minecraftClientRuntimeLibraries,minecraftLibraries,minecraftNamedCompile,minecraftNamedRuntime,minecraftRuntimeLibraries,minecraftServerLibraries,minecraftServerRuntimeLibraries,minecraftTestClientRuntimeLibraries,runtimeClasspath,testCompileClasspath,testRuntimeClasspath
net.minidev:json-smart:2.5.0=compileClasspath,minecraftClientLibraries,minecraftClientRuntimeLibraries,minecraftLibraries,minecraftNamedCompile,minecraftNamedRuntime,minecraftRuntimeLibraries,minecraftServerLibraries,minecraftServerRuntimeLibraries,minecraftTestClientRuntimeLibraries,runtimeClasspath,testCompileClasspath,testRuntimeClasspath
net.sf.jopt-simple:jopt-simple:5.0.4=compileClasspath,minecraftClientLibraries,minecraftClientRuntimeLibraries,minecraftLibraries,minecraftNamedCompile,minecraftNamedRuntime,minecraftRuntimeLibraries,minecraftServerLibraries,minecraftServerRuntimeLibraries,minecraftTestClientRuntimeLibraries,runtimeClasspath,testCompileClasspath,testRuntimeClasspath
org.apache.commons:commons-compress:1.26.0=compileClasspath,minecraftClientLibraries,minecraftClientRuntimeLibraries,minecraftLibraries,minecraftNamedCompile,minecraftNamedRuntime,minecraftRuntimeLibraries,minecraftTestClientRuntimeLibraries,runtimeClasspath,testCompileClasspath,testRuntimeClasspath
org.apache.commons:commons-lang3:3.14.0=compileClasspath,minecraftClientLibraries,minecraftClientRuntimeLibraries,minecraftLibraries,minecraftNamedCompile,minecraftNamedRuntime,minecraftRuntimeLibraries,minecraftServerLibraries,minecraftServerRuntimeLibraries,minecraftTestClientRuntimeLibraries,runtimeClasspath,testCompileClasspath,testRuntimeClasspath
org.apache.httpcomponents:httpclient:4.5.13=compileClasspath,minecraftClientLibraries,minecraftClientRuntimeLibraries,minecraftLibraries,minecraftNamedCompile,minecraftNamedRuntime,minecraftRuntimeLibraries,minecraftTestClientRuntimeLibraries,runtimeClasspath,testCompileClasspath,testRuntimeClasspath
org.apache.httpcomponents:httpcore:4.4.16=compileClasspath,minecraftClientLibraries,minecraftClientRuntimeLibraries,minecraftLibraries,minecraftNamedCompile,minecraftNamedRuntime,minecraftRuntimeLibraries,minecraftTestClientRuntimeLibraries,runtimeClasspath,testCompileClasspath,testRuntimeClasspath
org.apache.logging.log4j:log4j-api:2.22.1=compileClasspath,minecraftClientLibraries,minecraftClientRuntimeLibraries,minecraftLibraries,minecraftNamedCompile,minecraftNamedRuntime,minecraftRuntimeLibraries,minecraftServerLibraries,minecraftServerRuntimeLibraries,minecraftTestClientRuntimeLibraries,runtimeClasspath,testCompileClasspath,testRuntimeClasspath
org.apache.logging.log4j:log4j-core:2.22.1=compileClasspath,minecraftClientLibraries,minecraftClientRuntimeLibraries,minecraftLibraries,minecraftNamedCompile,minecraftNamedRuntime,minecraftRuntimeLibraries,minecraftServerLibraries,minecraftServerRuntimeLibraries,minecraftTestClientRuntimeLibraries,runtimeClasspath,testCompileClasspath,testRuntimeClasspath
org.apache.logging.log4j:log4j-slf4j2-impl:2.22.1=compileClasspath,minecraftClientLibraries,minecraftClientRuntimeLibraries,minecraftLibraries,minecraftNamedCompile,minecraftNamedRuntime,minecraftRuntimeLibraries,minecraftServerLibraries,minecraftServerRuntimeLibraries,minecraftTestClientRuntimeLibraries,runtimeClasspath,testCompileClasspath,testRuntimeClasspath
org.jcraft:jorbis:0.0.17=compileClasspath,minecraftClientLibraries,minecraftClientRuntimeLibraries,minecraftLibraries,minecraftNamedCompile,minecraftNamedRuntime,minecraftRuntimeLibraries,minecraftTestClientRuntimeLibraries,runtimeClasspath,testCompileClasspath,testRuntimeClasspath
org.jetbrains:annotations:20.1.0=fernflowerDecompilerClasspath
org.jetbrains:annotations:26.0.2=compileClasspath,testCompileClasspath
org.joml:joml:1.10.5=compileClasspath,minecraftClientLibraries,minecraftClientRuntimeLibraries,minecraftLibraries,minecraftNamedCompile,minecraftNamedRuntime,minecraftRuntimeLibraries,minecraftServerLibraries,minecraftServerRuntimeLibraries,minecraftTestClientRuntimeLibraries,runtimeClasspath,testCompileClasspath,testRuntimeClasspath
org.lwjgl:lwjgl-freetype:3.3.3=compileClasspath,minecraftClientLibraries,minecraftClientRuntimeLibraries,minecraftLibraries,minecraftNamedCompile,minecraftNamedRuntime,minecraftNatives,minecraftRuntimeLibraries,minecraftTestClientRuntimeLibraries,runtimeClasspath,testCompileClasspath,testRuntimeClasspath
org.lwjgl:lwjgl-glfw:3.3.3=compileClasspath,minecraftClientLibraries,minecraftClientRuntimeLibraries,minecraftLibraries,minecraftNamedCompile,minecraftNamedRuntime,minecraftNatives,minecraftRuntimeLibraries,minecraftTestClientRuntimeLibraries,runtimeClasspath,testCompileClasspath,testRuntimeClasspath
org.lwjgl:lwjgl-jemalloc:3.3.3=compileClasspath,minecraftClientLibraries,minecraftClientRuntimeLibraries,minecraftLibraries,minecraftNamedCompile,minecraftNamedRuntime,minecraftNatives,minecraftRuntimeLibraries,minecraftTestClientRuntimeLibraries,runtimeClasspath,testCompileClasspath,testRuntimeClasspath
org.lwjgl:lwjgl-openal:3.3.3=compileClasspath,minecraftClientLibraries,minecraftClientRuntimeLibraries,minecraftLibraries,minecraftNamedCompile,minecraftNamedRuntime,minecraftNatives,minecraftRuntimeLibraries,minecraftTestClientRuntimeLibraries,runtimeClasspath,testCompileClasspath,testRuntimeClasspath
org.lwjgl:lwjgl-opengl:3.3.3=compileClasspath,minecraftClientLibraries,minecraftClientRuntimeLibraries,minecraftLibraries,minecraftNamedCompile,minecraftNamedRuntime,minecraftNatives,minecraftRuntimeLibraries,minecraftTestClientRuntimeLibraries,runtimeClasspath,testCompileClasspath,testRuntimeClasspath
org.lwjgl:lwjgl-stb:3.3.3=compileClasspath,minecraftClientLibraries,minecraftClientRuntimeLibraries,minecraftLibraries,minecraftNamedCompile,minecraftNamedRuntime,minecraftNatives,minecraftRuntimeLibraries,minecraftTestClientRuntimeLibraries,runtimeClasspath,testCompileClasspath,testRuntimeClasspath
org.lwjgl:lwjgl-tinyfd:3.3.3=compileClasspath,minecraftClientLibraries,minecraftClientRuntimeLibraries,minecraftLibraries,minecraftNamedCompile,minecraftNamedRuntime,minecraftNatives,minecraftRuntimeLibraries,minecraftTestClientRuntimeLibraries,runtimeClasspath,testCompileClasspath,testRuntimeClasspath
org.lwjgl:lwjgl:3.3.3=compileClasspath,minecraftClientLibraries,minecraftClientRuntimeLibraries,minecraftLibraries,minecraftNamedCompile,minecraftNamedRuntime,minecraftNatives,minecraftRuntimeLibraries,minecraftTestClientRuntimeLibraries,runtimeClasspath,testCompileClasspath,testRuntimeClasspath
org.lz4:lz4-java:1.8.0=compileClasspath,minecraftClientLibraries,minecraftClientRuntimeLibraries,minecraftLibraries,minecraftNamedCompile,minecraftNamedRuntime,minecraftRuntimeLibraries,minecraftServerLibraries,minecraftServerRuntimeLibraries,minecraftTestClientRuntimeLibraries,runtimeClasspath,testCompileClasspath,testRuntimeClasspath
org.ow2.asm:asm-analysis:9.8=compileClasspath,loaderLibraries,minecraftNamedCompile,minecraftNamedRuntime,minecraftTestClientRuntimeLibraries,runtimeClasspath,testCompileClasspath,testRuntimeClasspath
org.ow2.asm:asm-commons:9.8=compileClasspath,loaderLibraries,minecraftNamedCompile,minecraftNamedRuntime,minecraftTestClientRuntimeLibraries,runtimeClasspath,testCompileClasspath,testRuntimeClasspath
org.ow2.asm:asm-tree:9.8=compileClasspath,loaderLibraries,minecraftNamedCompile,minecraftNamedRuntime,minecraftTestClientRuntimeLibraries,runtimeClasspath,testCompileClasspath,testRuntimeClasspath
org.ow2.asm:asm-util:9.8=compileClasspath,loaderLibraries,minecraftNamedCompile,minecraftNamedRuntime,minecraftTestClientRuntimeLibraries,runtimeClasspath,testCompileClasspath,testRuntimeClasspath
org.ow2.asm:asm:9.3=minecraftClientLibraries,minecraftClientRuntimeLibraries,minecraftLibraries,minecraftRuntimeLibraries,minecraftServerLibraries,minecraftServerRuntimeLibraries
org.ow2.asm:asm:9.8=compileClasspath,loaderLibraries,minecraftNamedCompile,minecraftNamedRuntime,minecraftTestClientRuntimeLibraries,runtimeClasspath,testCompileClasspath,testRuntimeClasspath
org.slf4j:slf4j-api:2.0.9=compileClasspath,minecraftClientLibraries,minecraftClientRuntimeLibraries,minecraftLibraries,minecraftNamedCompile,minecraftNamedRuntime,minecraftRuntimeLibraries,minecraftServerLibraries,minecraftServerRuntimeLibraries,minecraftTestClientRuntimeLibraries,runtimeClasspath,testCompileClasspath,testRuntimeClasspath
org.vineflower:vineflower:1.11.1=vineflowerDecompilerClasspath
remapped.maven.modrinth:modmenu-359a1d2f:12.0.1=compileClasspath,modCompileClasspathMainMapped,modCompileClasspathMapped,modRuntimeClasspathMainMapped,runtimeClasspath,testCompileClasspath,testRuntimeClasspath
remapped.net.fabricmc.fabric-api:fabric-api-359a1d2f:0.114.1+1.21.3=compileClasspath,modCompileClasspathMainMapped,modCompileClasspathMapped,modRuntimeClasspathMainMapped,runtimeClasspath,testCompileClasspath,testRuntimeClasspath
remapped.net.fabricmc.fabric-api:fabric-api-base-359a1d2f:0.4.50+119c825640=compileClasspath,modCompileClasspathMainMapped,modCompileClasspathMapped,modRuntimeClasspathMainMapped,runtimeClasspath,testCompileClasspath,testRuntimeClasspath
remapped.net.fabricmc.fabric-api:fabric-api-lookup-api-v1-359a1d2f:1.6.81+fd37071f40=compileClasspath,modCompileClasspathMainMapped,modCompileClasspathMapped,modRuntimeClasspathMainMapped,runtimeClasspath,testCompileClasspath,testRuntimeClasspath
remapped.net.fabricmc.fabric-api:fabric-biome-api-v1-359a1d2f:14.0.7+add2a48640=compileClasspath,modCompileClasspathMainMapped,modCompileClasspathMapped,modRuntimeClasspathMainMapped,runtimeClasspath,testCompileClasspath,testRuntimeClasspath
remapped.net.fabricmc.fabric-api:fabric-block-api-v1-359a1d2f:1.0.28+fd37071f40=compileClasspath,modCompileClasspathMainMapped,modCompileClasspathMapped,modRuntimeClasspathMainMapped,runtimeClasspath,testCompileClasspath,testRuntimeClasspath
remapped.net.fabricmc.fabric-api:fabric-block-view-api-v2-359a1d2f:1.0.16+fd37071f40=compileClasspath,modCompileClasspathMainMapped,modCompileClasspathMapped,modRuntimeClasspathMainMapped,runtimeClasspath,testCompileClasspath,testRuntimeClasspath
remapped.net.fabricmc.fabric-api:fabric-blockrenderlayer-v1-359a1d2f:2.0.4+fd37071f40=compileClasspath,modCompileClasspathMainMapped,modCompileClasspathMapped,modRuntimeClasspathMainMapped,runtimeClasspath,testCompileClasspath,testRuntimeClasspath
remapped.net.fabricmc.fabric-api:fabric-client-tags-api-v1-359a1d2f:1.1.25+a730659c40=compileClasspath,modCompileClasspathMainMapped,modCompileClasspathMapped,modRuntimeClasspathMainMapped,runtimeClasspath,testCompileClasspath,testRuntimeClasspath
remapped.net.fabricmc.fabric-api:fabric-command-api-v1-359a1d2f:1.2.58+f71b366f40=compileClasspath,modCompileClasspathMainMapped,modCompileClasspathMapped,modRuntimeClasspathMainMapped,runtimeClasspath,testCompileClasspath,testRuntimeClasspath
remapped.net.fabricmc.fabric-api:fabric-command-api-v2-359a1d2f:2.2.37+c9d82ab240=compileClasspath,modCompileClasspathMainMapped,modCompileClasspathMapped,modRuntimeClasspathMainMapped,runtimeClasspath,testCompileClasspath,testRuntimeClasspath
remapped.net.fabricmc.fabric-api:fabric-commands-v0-359a1d2f:0.2.75+df3654b340=compileClasspath,modCompileClasspathMainMapped,modCompileClasspathMapped,modRuntimeClasspathMainMapped,runtimeClasspath,testCompileClasspath,testRuntimeClasspath
remapped.net.fabricmc.fabric-api:fabric-content-registries-v0-359a1d2f:9.1.8+fd37071f40=compileClasspath,modCompileClasspathMainMapped,modCompileClasspathMapped,modRuntimeClasspathMainMapped,runtimeClasspath,testCompileClasspath,testRuntimeClasspath
remapped.net.fabricmc.fabric-api:fabric-convention-tags-v1-359a1d2f:2.1.4+7f945d5b40=compileClasspath,modCompileClasspathMainMapped,modCompileClasspathMapped,modRuntimeClasspathMainMapped,runtimeClasspath,testCompileClasspath,testRuntimeClasspath
remapped.net.fabricmc.fabric-api:fabric-convention-tags-v2-359a1d2f:2.9.4+129f0c1f40=compileClasspath,modCompileClasspathMainMapped,modCompileClasspathMapped,modRuntimeClasspathMainMapped,runtimeClasspath,testCompileClasspath,testRuntimeClasspath
remapped.net.fabricmc.fabric-api:fabric-crash-report-info-v1-359a1d2f:0.3.3+fd37071f40=compileClasspath,modCompileClasspathMainMapped,modCompileClasspathMapped,modRuntimeClasspathMainMapped,runtimeClasspath,testCompileClasspath,testRuntimeClasspath
remapped.net.fabricmc.fabric-api:fabric-data-attachment-api-v1-359a1d2f:1.4.0+dbad41f140=compileClasspath,modCompileClasspathMainMapped,modCompileClasspathMapped,modRuntimeClasspathMainMapped,runtimeClasspath,testCompileClasspath,testRuntimeClasspath
remapped.net.fabricmc.fabric-api:fabric-data-generation-api-v1-359a1d2f:21.1.2+a730659c40=compileClasspath,modCompileClasspathMainMapped,modCompileClasspathMapped,modRuntimeClasspathMainMapped,runtimeClasspath,testCompileClasspath,testRuntimeClasspath
remapped.net.fabricmc.fabric-api:fabric-dimensions-v1-359a1d2f:4.0.7+fd37071f40=compileClasspath,modCompileClasspathMainMapped,modCompileClasspathMapped,modRuntimeClasspathMainMapped,runtimeClasspath,testCompileClasspath,testRuntimeClasspath
remapped.net.fabricmc.fabric-api:fabric-entity-events-v1-359a1d2f:2.0.8+825023f840=compileClasspath,modCompileClasspathMainMapped,modCompileClasspathMapped,modRuntimeClasspathMainMapped,runtimeClasspath,testCompileClasspath,testRuntimeClasspath
remapped.net.fabricmc.fabric-api:fabric-events-interaction-v0-359a1d2f:2.0.12+c2c3ac4740=compileClasspath,modCompileClasspathMainMapped,modCompileClasspathMapped,modRuntimeClasspathMainMapped,runtimeClasspath,testCompileClasspath,testRuntimeClasspath
remapped.net.fabricmc.fabric-api:fabric-game-rule-api-v1-359a1d2f:1.0.59+fd37071f40=compileClasspath,modCompileClasspathMainMapped,modCompileClasspathMapped,modRuntimeClasspathMainMapped,runtimeClasspath,testCompileClasspath,testRuntimeClasspath
remapped.net.fabricmc.fabric-api:fabric-gametest-api-v1-359a1d2f:2.0.15+fd37071f40=compileClasspath,modCompileClasspathMainMapped,modCompileClasspathMapped,modRuntimeClasspathMainMapped,runtimeClasspath,testCompileClasspath,testRuntimeClasspath
remapped.net.fabricmc.fabric-api:fabric-item-api-v1-359a1d2f:11.1.7+fd37071f40=compileClasspath,modCompileClasspathMainMapped,modCompileClasspathMapped,modRuntimeClasspathMainMapped,runtimeClasspath,testCompileClasspath,testRuntimeClasspath
remapped.net.fabricmc.fabric-api:fabric-item-group-api-v1-359a1d2f:4.1.17+fd37071f40=compileClasspath,modCompileClasspathMainMapped,modCompileClasspathMapped,modRuntimeClasspathMainMapped,runtimeClasspath,testCompileClasspath,testRuntimeClasspath
remapped.net.fabricmc.fabric-api:fabric-key-binding-api-v1-359a1d2f:1.0.53+fd37071f40=compileClasspath,modCompileClasspathMainMapped,modCompileClasspathMapped,modRuntimeClasspathMainMapped,runtimeClasspath,testCompileClasspath,testRuntimeClasspath
remapped.net.fabricmc.fabric-api:fabric-keybindings-v0-359a1d2f:0.2.51+df3654b340=compileClasspath,modCompileClasspathMainMapped,modCompileClasspathMapped,modRuntimeClasspathMainMapped,runtimeClasspath,testCompileClasspath,testRuntimeClasspath
remapped.net.fabricmc.fabric-api:fabric-lifecycle-events-v1-359a1d2f:2.5.1+6da5ef6940=compileClasspath,modCompileClasspathMainMapped,modCompileClasspathMapped,modRuntimeClasspathMainMapped,runtimeClasspath,testCompileClasspath,testRuntimeClasspath
remapped.net.fabricmc.fabric-api:fabric-loot-api-v2-359a1d2f:3.0.26+3f89f5a540=compileClasspath,modCompileClasspathMainMapped,modCompileClasspathMapped,modRuntimeClasspathMainMapped,runtimeClasspath,testCompileClasspath,testRuntimeClasspath
remapped.net.fabricmc.fabric-api:fabric-loot-api-v3-359a1d2f:1.0.14+fd37071f40=compileClasspath,modCompileClasspathMainMapped,modCompileClasspathMapped,modRuntimeClasspathMainMapped,runtimeClasspath,testCompileClasspath,testRuntimeClasspath
remapped.net.fabricmc.fabric-api:fabric-message-api-v1-359a1d2f:6.0.22+5a9b22c640=compileClasspath,modCompileClasspathMainMapped,modCompileClasspathMapped,modRuntimeClasspathMainMapped,runtimeClasspath,testCompileClasspath,testRuntimeClasspath
remapped.net.fabricmc.fabric-api:fabric-model-loading-api-v1-359a1d2f:3.0.9+fd37071f40=compileClasspath,modCompileClasspathMainMapped,modCompileClasspathMapped,modRuntimeClasspathMainMapped,runtimeClasspath,testCompileClasspath,testRuntimeClasspath
remapped.net.fabricmc.fabric-api:fabric-networking-api-v1-359a1d2f:4.3.5+fd37071f40=compileClasspath,modCompileClasspathMainMapped,modCompileClasspathMapped,modRuntimeClasspathMainMapped,runtimeClasspath,testCompileClasspath,testRuntimeClasspath
remapped.net.fabricmc.fabric-api:fabric-object-builder-api-v1-359a1d2f:17.0.9+fd37071f40=compileClasspath,modCompileClasspathMainMapped,modCompileClasspathMapped,modRuntimeClasspathMainMapped,runtimeClasspath,testCompileClasspath,testRuntimeClasspath
remapped.net.fabricmc.fabric-api:fabric-particles-v1-359a1d2f:4.0.10+fd37071f40=compileClasspath,modCompileClasspathMainMapped,modCompileClasspathMapped,modRuntimeClasspathMainMapped,runtimeClasspath,testCompileClasspath,testRuntimeClasspath
remapped.net.fabricmc.fabric-api:fabric-recipe-api-v1-359a1d2f:7.0.5+8ea69ff840=compileClasspath,modCompileClasspathMainMapped,modCompileClasspathMapped,modRuntimeClasspathMainMapped,runtimeClasspath,testCompileClasspath,testRuntimeClasspath
remapped.net.fabricmc.fabric-api:fabric-registry-sync-v0-359a1d2f:5.4.1+3f3c499540=compileClasspath,modCompileClasspathMainMapped,modCompileClasspathMapped,modRuntimeClasspathMainMapped,runtimeClasspath,testCompileClasspath,testRuntimeClasspath
remapped.net.fabricmc.fabric-api:fabric-renderer-api-v1-359a1d2f:4.0.5+fd37071f40=compileClasspath,modCompileClasspathMainMapped,modCompileClasspathMapped,modRuntimeClasspathMainMapped,runtimeClasspath,testCompileClasspath,testRuntimeClasspath
remapped.net.fabricmc.fabric-api:fabric-renderer-indigo-359a1d2f:1.9.5+fd37071f40=compileClasspath,modCompileClasspathMainMapped,modCompileClasspathMapped,modRuntimeClasspathMainMapped,runtimeClasspath,testCompileClasspath,testRuntimeClasspath
remapped.net.fabricmc.fabric-api:fabric-rendering-data-attachment-v1-359a1d2f:0.3.54+73761d2e40=compileClasspath,modCompileClasspathMainMapped,modCompileClasspathMapped,modRuntimeClasspathMainMapped,runtimeClasspath,testCompileClasspath,testRuntimeClasspath
remapped.net.fabricmc.fabric-api:fabric-rendering-fluids-v1-359a1d2f:3.1.15+fd37071f40=compileClasspath,modCompileClasspathMainMapped,modCompileClasspathMapped,modRuntimeClasspathMainMapped,runtimeClasspath,testCompileClasspath,testRuntimeClasspath
remapped.net.fabricmc.fabric-api:fabric-rendering-v0-359a1d2f:1.1.84+df3654b340=compileClasspath,modCompileClasspathMainMapped,modCompileClasspathMapped,modRuntimeClasspathMainMapped,runtimeClasspath,testCompileClasspath,testRuntimeClasspath
remapped.net.fabricmc.fabric-api:fabric-rendering-v1-359a1d2f:8.0.8+6922831640=compileClasspath,modCompileClasspathMainMapped,modCompileClasspathMapped,modRuntimeClasspathMainMapped,runtimeClasspath,testCompileClasspath,testRuntimeClasspath
remapped.net.fabricmc.fabric-api:fabric-resource-conditions-api-v1-359a1d2f:5.0.8+fd37071f40=compileClasspath,modCompileClasspathMainMapped,modCompileClasspathMapped,modRuntimeClasspathMainMapped,runtimeClasspath,testCompileClasspath,testRuntimeClasspath
remapped.net.fabricmc.fabric-api:fabric-resource-loader-v0-359a1d2f:3.0.6+fd37071f40=compileClasspath,modCompileClasspathMainMapped,modCompileClasspathMapped,modRuntimeClasspathMainMapped,runtimeClasspath,testCompileClasspath,testRuntimeClasspath
remapped.net.fabricmc.fabric-api:fabric-screen-api-v1-359a1d2f:2.0.34+fd37071f40=compileClasspath,modCompileClasspathMainMapped,modCompileClasspathMapped,modRuntimeClasspathMainMapped,runtimeClasspath,testCompileClasspath,testRuntimeClasspath
remapped.net.fabricmc.fabric-api:fabric-screen-handler-api-v1-359a1d2f:1.3.103+fd37071f40=compileClasspath,modCompileClasspathMainMapped,modCompileClasspathMapped,modRuntimeClasspathMainMapped,runtimeClasspath,testCompileClasspath,testRuntimeClasspath
remapped.net.fabricmc.fabric-api:fabric-sound-api-v1-359a1d2f:1.0.29+fd37071f40=compileClasspath,modCompileClasspathMainMapped,modCompileClasspathMapped,modRuntimeClasspathMainMapped,runtimeClasspath,testCompileClasspath,testRuntimeClasspath
remapped.net.fabricmc.fabric-api:fabric-tag-api-v1-359a1d2f:1.0.0+a730659c40=compileClasspath,modCompileClasspathMainMapped,modCompileClasspathMapped,modRuntimeClasspathMainMapped,runtimeClasspath,testCompileClasspath,testRuntimeClasspath
remapped.net.fabricmc.fabric-api:fabric-transfer-api-v1-359a1d2f:5.4.3+cb44d14340=compileClasspath,modCompileClasspathMainMapped,modCompileClasspathMapped,modRuntimeClasspathMainMapped,runtimeClasspath,testCompileClasspath,testRuntimeClasspath
remapped.net.fabricmc.fabric-api:fabric-transitive-access-wideners-v1-359a1d2f:6.2.0+54a41b1c40=compileClasspath,modCompileClasspathMainMapped,modCompileClasspathMapped,modRuntimeClasspathMainMapped,runtimeClasspath,testCompileClasspath,testRuntimeClasspath
empty=annotationProcessor,includeInternal,localRuntime,mappingsConstants,mappingsFinal,modApi,modApiCopy,modApiCopy2,modApiCopy3,modApiCopy4,modApiMapped,modCompileOnlyApi,modCompileOnlyApiCopy,modCompileOnlyApiCopy2,modRuntimeOnly,modRuntimeOnlyCopy,modRuntimeOnlyCopy2,productionRuntimeMods,testAnnotationProcessor
