# This is a Gradle generated file for dependency locking.
# Manual edits can break the build and are not advised.
# This file is expected to be part of source control.
at.yawk.lz4:lz4-java:1.10.1=compileClasspath,minecraftClientLibraries,minecraftClientRuntimeLibraries,minecraftLibraries,minecraftNamedCompile,minecraftNamedRuntime,minecraftRuntimeLibraries,minecraftServerLibraries,minecraftServerRuntimeLibraries,minecraftTestClientRuntimeLibraries,runtimeClasspath,testCompileClasspath,testRuntimeClasspath
com.azure:azure-json:1.4.0=compileClasspath,minecraftClientLibraries,minecraftClientRuntimeLibraries,minecraftLibraries,minecraftNamedCompile,minecraftNamedRuntime,minecraftRuntimeLibraries,minecraftServerLibraries,minecraftServerRuntimeLibraries,minecraftTestClientRuntimeLibraries,runtimeClasspath,testCompileClasspath,testRuntimeClasspath
com.github.oshi:oshi-core:6.9.0=compileClasspath,minecraftClientLibraries,minecraftClientRuntimeLibraries,minecraftLibraries,minecraftNamedCompile,minecraftNamedRuntime,minecraftRuntimeLibraries,minecraftServerLibraries,minecraftServerRuntimeLibraries,minecraftTestClientRuntimeLibraries,runtimeClasspath,testCompileClasspath,testRuntimeClasspath
com.google.code.gson:gson:2.14.0=compileClasspath,minecraftClientLibraries,minecraftClientRuntimeLibraries,minecraftLibraries,minecraftNamedCompile,minecraftNamedRuntime,minecraftRuntimeLibraries,minecraftServerLibraries,minecraftServerRuntimeLibraries,minecraftTestClientRuntimeLibraries,runtimeClasspath,testCompileClasspath,testRuntimeClasspath
com.google.guava:failureaccess:1.0.3=compileClasspath,minecraftClientLibraries,minecraftClientRuntimeLibraries,minecraftLibraries,minecraftNamedCompile,minecraftNamedRuntime,minecraftRuntimeLibraries,minecraftServerLibraries,minecraftServerRuntimeLibraries,minecraftTestClientRuntimeLibraries,runtimeClasspath,testCompileClasspath,testRuntimeClasspath
com.google.guava:guava:33.6.0-jre=compileClasspath,minecraftClientLibraries,minecraftClientRuntimeLibraries,minecraftLibraries,minecraftNamedCompile,minecraftNamedRuntime,minecraftRuntimeLibraries,minecraftServerLibraries,minecraftServerRuntimeLibraries,minecraftTestClientRuntimeLibraries,runtimeClasspath,testCompileClasspath,testRuntimeClasspath
com.ibm.icu:icu4j:78.3=compileClasspath,minecraftClientLibraries,minecraftClientRuntimeLibraries,minecraftLibraries,minecraftNamedCompile,minecraftNamedRuntime,minecraftRuntimeLibraries,minecraftTestClientRuntimeLibraries,runtimeClasspath,testCompileClasspath,testRuntimeClasspath
com.microsoft.azure:msal4j:1.24.1=compileClasspath,minecraftClientLibraries,minecraftClientRuntimeLibraries,minecraftLibraries,minecraftNamedCompile,minecraftNamedRuntime,minecraftRuntimeLibraries,minecraftServerLibraries,minecraftServerRuntimeLibraries,minecraftTestClientRuntimeLibraries,runtimeClasspath,testCompileClasspath,testRuntimeClasspath
com.mojang:authlib:9.0.75=compileClasspath,minecraftClientLibraries,minecraftClientRuntimeLibraries,minecraftLibraries,minecraftNamedCompile,minecraftNamedRuntime,minecraftRuntimeLibraries,minecraftServerLibraries,minecraftServerRuntimeLibraries,minecraftTestClientRuntimeLibraries,runtimeClasspath,testCompileClasspath,testRuntimeClasspath
com.mojang:blocklist:1.0.10=compileClasspath,minecraftClientLibraries,minecraftClientRuntimeLibraries,minecraftLibraries,minecraftNamedCompile,minecraftNamedRuntime,minecraftRuntimeLibraries,minecraftTestClientRuntimeLibraries,runtimeClasspath,testCompileClasspath,testRuntimeClasspath
com.mojang:brigadier:1.3.10=compileClasspath,minecraftClientLibraries,minecraftClientRuntimeLibraries,minecraftLibraries,minecraftNamedCompile,minecraftNamedRuntime,minecraftRuntimeLibraries,minecraftServerLibraries,minecraftServerRuntimeLibraries,minecraftTestClientRuntimeLibraries,runtimeClasspath,testCompileClasspath,testRuntimeClasspath
com.mojang:datafixerupper:10.0.21=compileClasspath,minecraftClientLibraries,minecraftClientRuntimeLibraries,minecraftLibraries,minecraftNamedCompile,minecraftNamedRuntime,minecraftRuntimeLibraries,minecraftServerLibraries,minecraftServerRuntimeLibraries,minecraftTestClientRuntimeLibraries,runtimeClasspath,testCompileClasspath,testRuntimeClasspath
com.mojang:jtracy:1.0.37=compileClasspath,minecraftClientLibraries,minecraftClientRuntimeLibraries,minecraftLibraries,minecraftNamedCompile,minecraftNamedRuntime,minecraftNatives,minecraftRuntimeLibraries,minecraftServerLibraries,minecraftServerRuntimeLibraries,minecraftTestClientRuntimeLibraries,runtimeClasspath,testCompileClasspath,testRuntimeClasspath
com.mojang:logging:1.7.12=compileClasspath,minecraftClientLibraries,minecraftClientRuntimeLibraries,minecraftLibraries,minecraftNamedCompile,minecraftNamedRuntime,minecraftRuntimeLibraries,minecraftServerLibraries,minecraftServerRuntimeLibraries,minecraftTestClientRuntimeLibraries,runtimeClasspath,testCompileClasspath,testRuntimeClasspath
com.mojang:patchy:2.2.10=compileClasspath,minecraftClientLibraries,minecraftClientRuntimeLibraries,minecraftLibraries,minecraftNamedCompile,minecraftNamedRuntime,minecraftRuntimeLibraries,minecraftTestClientRuntimeLibraries,runtimeClasspath,testCompileClasspath,testRuntimeClasspath
com.mojang:text2speech:1.19.12=compileClasspath,minecraftClientLibraries,minecraftClientRuntimeLibraries,minecraftLibraries,minecraftNamedCompile,minecraftNamedRuntime,minecraftRuntimeLibraries,minecraftTestClientRuntimeLibraries,runtimeClasspath,testCompileClasspath,testRuntimeClasspath
commons-codec:commons-codec:1.22.0=compileClasspath,minecraftClientLibraries,minecraftClientRuntimeLibraries,minecraftLibraries,minecraftNamedCompile,minecraftNamedRuntime,minecraftRuntimeLibraries,minecraftTestClientRuntimeLibraries,runtimeClasspath,testCompileClasspath,testRuntimeClasspath
commons-io:commons-io:2.20.0=compileClasspath,minecraftClientLibraries,minecraftClientRuntimeLibraries,minecraftLibraries,minecraftNamedCompile,minecraftNamedRuntime,minecraftRuntimeLibraries,minecraftServerLibraries,minecraftServerRuntimeLibraries,minecraftTestClientRuntimeLibraries,runtimeClasspath,testCompileClasspath,testRuntimeClasspath
io.github.llamalad7:mixinextras-fabric:0.5.4=compileClasspath,loaderLibraries,minecraftNamedCompile,minecraftNamedRuntime,minecraftTestClientRuntimeLibraries,runtimeClasspath,testCompileClasspath,testRuntimeClasspath
io.netty:netty-buffer:4.2.15.Final=compileClasspath,minecraftClientLibraries,minecraftClientRuntimeLibraries,minecraftLibraries,minecraftNamedCompile,minecraftNamedRuntime,minecraftRuntimeLibraries,minecraftServerLibraries,minecraftServerRuntimeLibraries,minecraftTestClientRuntimeLibraries,runtimeClasspath,testCompileClasspath,testRuntimeClasspath
io.netty:netty-codec-base:4.2.15.Final=compileClasspath,minecraftClientLibraries,minecraftClientRuntimeLibraries,minecraftLibraries,minecraftNamedCompile,minecraftNamedRuntime,minecraftRuntimeLibraries,minecraftServerLibraries,minecraftServerRuntimeLibraries,minecraftTestClientRuntimeLibraries,runtimeClasspath,testCompileClasspath,testRuntimeClasspath
io.netty:netty-codec-compression:4.2.15.Final=compileClasspath,minecraftClientLibraries,minecraftClientRuntimeLibraries,minecraftLibraries,minecraftNamedCompile,minecraftNamedRuntime,minecraftRuntimeLibraries,minecraftServerLibraries,minecraftServerRuntimeLibraries,minecraftTestClientRuntimeLibraries,runtimeClasspath,testCompileClasspath,testRuntimeClasspath
io.netty:netty-codec-http:4.2.15.Final=compileClasspath,minecraftClientLibraries,minecraftClientRuntimeLibraries,minecraftLibraries,minecraftNamedCompile,minecraftNamedRuntime,minecraftRuntimeLibraries,minecraftServerLibraries,minecraftServerRuntimeLibraries,minecraftTestClientRuntimeLibraries,runtimeClasspath,testCompileClasspath,testRuntimeClasspath
io.netty:netty-common:4.2.15.Final=compileClasspath,minecraftClientLibraries,minecraftClientRuntimeLibraries,minecraftLibraries,minecraftNamedCompile,minecraftNamedRuntime,minecraftRuntimeLibraries,minecraftServerLibraries,minecraftServerRuntimeLibraries,minecraftTestClientRuntimeLibraries,runtimeClasspath,testCompileClasspath,testRuntimeClasspath
io.netty:netty-handler:4.2.15.Final=compileClasspath,minecraftClientLibraries,minecraftClientRuntimeLibraries,minecraftLibraries,minecraftNamedCompile,minecraftNamedRuntime,minecraftRuntimeLibraries,minecraftServerLibraries,minecraftServerRuntimeLibraries,minecraftTestClientRuntimeLibraries,runtimeClasspath,testCompileClasspath,testRuntimeClasspath
io.netty:netty-resolver:4.2.15.Final=compileClasspath,minecraftClientLibraries,minecraftClientRuntimeLibraries,minecraftLibraries,minecraftNamedCompile,minecraftNamedRuntime,minecraftRuntimeLibraries,minecraftServerLibraries,minecraftServerRuntimeLibraries,minecraftTestClientRuntimeLibraries,runtimeClasspath,testCompileClasspath,testRuntimeClasspath
io.netty:netty-transport-classes-epoll:4.2.15.Final=compileClasspath,minecraftClientLibraries,minecraftClientRuntimeLibraries,minecraftLibraries,minecraftNamedCompile,minecraftNamedRuntime,minecraftRuntimeLibraries,minecraftServerLibraries,minecraftServerRuntimeLibraries,minecraftTestClientRuntimeLibraries,runtimeClasspath,testCompileClasspath,testRuntimeClasspath
io.netty:netty-transport-classes-kqueue:4.2.15.Final=compileClasspath,minecraftClientLibraries,minecraftClientRuntimeLibraries,minecraftLibraries,minecraftNamedCompile,minecraftNamedRuntime,minecraftRuntimeLibraries,minecraftServerLibraries,minecraftServerRuntimeLibraries,minecraftTestClientRuntimeLibraries,runtimeClasspath,testCompileClasspath,testRuntimeClasspath
io.netty:netty-transport-native-epoll:4.2.15.Final=compileClasspath,minecraftLibraries,minecraftNamedCompile,minecraftNamedRuntime,minecraftRuntimeLibraries,minecraftServerLibraries,minecraftServerRuntimeLibraries,runtimeClasspath,testCompileClasspath,testRuntimeClasspath
io.netty:netty-transport-native-kqueue:4.2.15.Final=compileClasspath,minecraftLibraries,minecraftNamedCompile,minecraftNamedRuntime,minecraftRuntimeLibraries,minecraftServerLibraries,minecraftServerRuntimeLibraries,runtimeClasspath,testCompileClasspath,testRuntimeClasspath
io.netty:netty-transport-native-unix-common:4.2.15.Final=compileClasspath,minecraftClientLibraries,minecraftClientRuntimeLibraries,minecraftLibraries,minecraftNamedCompile,minecraftNamedRuntime,minecraftRuntimeLibraries,minecraftServerLibraries,minecraftServerRuntimeLibraries,minecraftTestClientRuntimeLibraries,runtimeClasspath,testCompileClasspath,testRuntimeClasspath
io.netty:netty-transport:4.2.15.Final=compileClasspath,minecraftClientLibraries,minecraftClientRuntimeLibraries,minecraftLibraries,minecraftNamedCompile,minecraftNamedRuntime,minecraftRuntimeLibraries,minecraftServerLibraries,minecraftServerRuntimeLibraries,minecraftTestClientRuntimeLibraries,runtimeClasspath,testCompileClasspath,testRuntimeClasspath
it.unimi.dsi:fastutil:8.5.18=compileClasspath,minecraftClientLibraries,minecraftClientRuntimeLibraries,minecraftLibraries,minecraftNamedCompile,minecraftNamedRuntime,minecraftRuntimeLibraries,minecraftServerLibraries,minecraftServerRuntimeLibraries,minecraftTestClientRuntimeLibraries,runtimeClasspath,testCompileClasspath,testRuntimeClasspath
maven.modrinth:modmenu:20.0.1=compileClasspath,localRuntime,mainCompileDependencyResolve,mainRuntimeDependencyResolve,runtimeClasspath
net.fabricmc.fabric-api:fabric-api-base:2.0.4+ece063239e=compileClasspath,mainCompileDependencyResolve,mainRuntimeDependencyResolve,runtimeClasspath,testCompileClasspath,testRuntimeClasspath
net.fabricmc.fabric-api:fabric-api-deprecated:0.158.0+26.2=compileClasspath,mainCompileDependencyResolve,mainRuntimeDependencyResolve,runtimeClasspath,testCompileClasspath,testRuntimeClasspath
net.fabricmc.fabric-api:fabric-api-lookup-api-v1:2.0.17+11e1c9a39e=compileClasspath,mainCompileDependencyResolve,mainRuntimeDependencyResolve,runtimeClasspath,testCompileClasspath,testRuntimeClasspath
net.fabricmc.fabric-api:fabric-api:0.158.0+26.2=compileClasspath,mainCompileDependencyResolve,mainRuntimeDependencyResolve,runtimeClasspath,testCompileClasspath,testRuntimeClasspath
net.fabricmc.fabric-api:fabric-biome-api-v1:18.0.6+c7bd5b8e9e=compileClasspath,mainCompileDependencyResolve,mainRuntimeDependencyResolve,runtimeClasspath,testCompileClasspath,testRuntimeClasspath
net.fabricmc.fabric-api:fabric-block-api-v1:3.0.3+ec56b6019e=compileClasspath,mainCompileDependencyResolve,mainRuntimeDependencyResolve,runtimeClasspath,testCompileClasspath,testRuntimeClasspath
net.fabricmc.fabric-api:fabric-block-getter-api-v2:2.0.7+ec56b6019e=compileClasspath,mainCompileDependencyResolve,mainRuntimeDependencyResolve,runtimeClasspath,testCompileClasspath,testRuntimeClasspath
net.fabricmc.fabric-api:fabric-client-gametest-api-v1:6.0.0+515ac5339e=compileClasspath,mainCompileDependencyResolve,mainRuntimeDependencyResolve,runtimeClasspath,testCompileClasspath,testRuntimeClasspath
net.fabricmc.fabric-api:fabric-command-api-v2:3.1.0+00cb03469e=compileClasspath,mainCompileDependencyResolve,mainRuntimeDependencyResolve,runtimeClasspath,testCompileClasspath,testRuntimeClasspath
net.fabricmc.fabric-api:fabric-content-registries-v0:11.3.1+37b1aa249e=compileClasspath,mainCompileDependencyResolve,mainRuntimeDependencyResolve,runtimeClasspath,testCompileClasspath,testRuntimeClasspath
net.fabricmc.fabric-api:fabric-convention-tags-v2:4.7.0+1f023a9e9e=compileClasspath,mainCompileDependencyResolve,mainRuntimeDependencyResolve,runtimeClasspath,testCompileClasspath,testRuntimeClasspath
net.fabricmc.fabric-api:fabric-crash-report-info-v1:1.0.5+086d547a9e=compileClasspath,mainCompileDependencyResolve,mainRuntimeDependencyResolve,runtimeClasspath,testCompileClasspath,testRuntimeClasspath
net.fabricmc.fabric-api:fabric-creative-tab-api-v1:5.0.14+d871b99e9e=compileClasspath,mainCompileDependencyResolve,mainRuntimeDependencyResolve,runtimeClasspath,testCompileClasspath,testRuntimeClasspath
net.fabricmc.fabric-api:fabric-data-attachment-api-v1:2.2.18+515ac5339e=compileClasspath,mainCompileDependencyResolve,mainRuntimeDependencyResolve,runtimeClasspath,testCompileClasspath,testRuntimeClasspath
net.fabricmc.fabric-api:fabric-data-generation-api-v1:25.5.0+aed122aa9e=compileClasspath,mainCompileDependencyResolve,mainRuntimeDependencyResolve,runtimeClasspath,testCompileClasspath,testRuntimeClasspath
net.fabricmc.fabric-api:fabric-debug-api-v1:1.0.2+c792624d9e=compileClasspath,mainCompileDependencyResolve,mainRuntimeDependencyResolve,runtimeClasspath,testCompileClasspath,testRuntimeClasspath
net.fabricmc.fabric-api:fabric-dimensions-v1:5.1.11+515ac5339e=compileClasspath,mainCompileDependencyResolve,mainRuntimeDependencyResolve,runtimeClasspath,testCompileClasspath,testRuntimeClasspath
net.fabricmc.fabric-api:fabric-entity-events-v1:5.0.5+06488ac19e=compileClasspath,mainCompileDependencyResolve,mainRuntimeDependencyResolve,runtimeClasspath,testCompileClasspath,testRuntimeClasspath
net.fabricmc.fabric-api:fabric-events-interaction-v0:5.2.7+515ac5339e=compileClasspath,mainCompileDependencyResolve,mainRuntimeDependencyResolve,runtimeClasspath,testCompileClasspath,testRuntimeClasspath
net.fabricmc.fabric-api:fabric-game-rule-api-v1:4.0.8+46a6d00c9e=compileClasspath,mainCompileDependencyResolve,mainRuntimeDependencyResolve,runtimeClasspath,testCompileClasspath,testRuntimeClasspath
net.fabricmc.fabric-api:fabric-gametest-api-v1:4.0.21+4a7fa0819e=compileClasspath,mainCompileDependencyResolve,mainRuntimeDependencyResolve,runtimeClasspath,testCompileClasspath,testRuntimeClasspath
net.fabricmc.fabric-api:fabric-item-api-v1:14.5.0+c68f6cbe9e=compileClasspath,mainCompileDependencyResolve,mainRuntimeDependencyResolve,runtimeClasspath,testCompileClasspath,testRuntimeClasspath
net.fabricmc.fabric-api:fabric-key-mapping-api-v1:2.0.5+e2bdee789e=compileClasspath,mainCompileDependencyResolve,mainRuntimeDependencyResolve,runtimeClasspath,testCompileClasspath,testRuntimeClasspath
net.fabricmc.fabric-api:fabric-lifecycle-events-v1:4.1.3+4575b05f9e=compileClasspath,mainCompileDependencyResolve,mainRuntimeDependencyResolve,runtimeClasspath,testCompileClasspath,testRuntimeClasspath
net.fabricmc.fabric-api:fabric-loot-api-v3:3.0.17+06488ac19e=compileClasspath,mainCompileDependencyResolve,mainRuntimeDependencyResolve,runtimeClasspath,testCompileClasspath,testRuntimeClasspath
net.fabricmc.fabric-api:fabric-menu-api-v1:2.0.16+086d547a9e=compileClasspath,mainCompileDependencyResolve,mainRuntimeDependencyResolve,runtimeClasspath,testCompileClasspath,testRuntimeClasspath
net.fabricmc.fabric-api:fabric-message-api-v1:7.0.8+bb2ed3f79e=compileClasspath,mainCompileDependencyResolve,mainRuntimeDependencyResolve,runtimeClasspath,testCompileClasspath,testRuntimeClasspath
net.fabricmc.fabric-api:fabric-model-loading-api-v1:8.0.16+c80601bb9e=compileClasspath,mainCompileDependencyResolve,mainRuntimeDependencyResolve,runtimeClasspath,testCompileClasspath,testRuntimeClasspath
net.fabricmc.fabric-api:fabric-networking-api-v1:6.3.3+72073ef09e=compileClasspath,mainCompileDependencyResolve,mainRuntimeDependencyResolve,runtimeClasspath,testCompileClasspath,testRuntimeClasspath
net.fabricmc.fabric-api:fabric-object-builder-api-v1:24.1.0+6fcd5f039e=compileClasspath,mainCompileDependencyResolve,mainRuntimeDependencyResolve,runtimeClasspath,testCompileClasspath,testRuntimeClasspath
net.fabricmc.fabric-api:fabric-particles-v1:5.0.18+d1756aa99e=compileClasspath,mainCompileDependencyResolve,mainRuntimeDependencyResolve,runtimeClasspath,testCompileClasspath,testRuntimeClasspath
net.fabricmc.fabric-api:fabric-permission-api-v1:1.0.5+e442d8d09e=compileClasspath,mainCompileDependencyResolve,mainRuntimeDependencyResolve,runtimeClasspath,testCompileClasspath,testRuntimeClasspath
net.fabricmc.fabric-api:fabric-recipe-api-v1:9.0.20+11e1c9a39e=compileClasspath,mainCompileDependencyResolve,mainRuntimeDependencyResolve,runtimeClasspath,testCompileClasspath,testRuntimeClasspath
net.fabricmc.fabric-api:fabric-registry-sync-v0:7.1.0+c7bd5b8e9e=compileClasspath,mainCompileDependencyResolve,mainRuntimeDependencyResolve,runtimeClasspath,testCompileClasspath,testRuntimeClasspath
net.fabricmc.fabric-api:fabric-renderer-api-v1:14.1.3+2b0d8a229e=compileClasspath,mainCompileDependencyResolve,mainRuntimeDependencyResolve,runtimeClasspath,testCompileClasspath,testRuntimeClasspath
net.fabricmc.fabric-api:fabric-renderer-indigo:9.1.3+2b0d8a229e=compileClasspath,mainCompileDependencyResolve,mainRuntimeDependencyResolve,runtimeClasspath,testCompileClasspath,testRuntimeClasspath
net.fabricmc.fabric-api:fabric-rendering-fluids-v1:6.0.4+06488ac19e=compileClasspath,mainCompileDependencyResolve,mainRuntimeDependencyResolve,runtimeClasspath,testCompileClasspath,testRuntimeClasspath
net.fabricmc.fabric-api:fabric-rendering-v1:25.3.2+515ac5339e=compileClasspath,mainCompileDependencyResolve,mainRuntimeDependencyResolve,runtimeClasspath,testCompileClasspath,testRuntimeClasspath
net.fabricmc.fabric-api:fabric-resource-conditions-api-v1:6.1.0+10e9a28b9e=compileClasspath,mainCompileDependencyResolve,mainRuntimeDependencyResolve,runtimeClasspath,testCompileClasspath,testRuntimeClasspath
net.fabricmc.fabric-api:fabric-resource-loader-v0:3.3.20+4fc5413f9e=compileClasspath,mainCompileDependencyResolve,mainRuntimeDependencyResolve,runtimeClasspath,testCompileClasspath,testRuntimeClasspath
net.fabricmc.fabric-api:fabric-resource-loader-v1:2.0.13+9edec1269e=compileClasspath,mainCompileDependencyResolve,mainRuntimeDependencyResolve,runtimeClasspath,testCompileClasspath,testRuntimeClasspath
net.fabricmc.fabric-api:fabric-screen-api-v1:5.2.0+58e078ad9e=compileClasspath,mainCompileDependencyResolve,mainRuntimeDependencyResolve,runtimeClasspath,testCompileClasspath,testRuntimeClasspath
net.fabricmc.fabric-api:fabric-serialization-api-v1:2.0.4+11a26f319e=compileClasspath,mainCompileDependencyResolve,mainRuntimeDependencyResolve,runtimeClasspath,testCompileClasspath,testRuntimeClasspath
net.fabricmc.fabric-api:fabric-sound-api-v1:2.0.5+11a26f319e=compileClasspath,mainCompileDependencyResolve,mainRuntimeDependencyResolve,runtimeClasspath,testCompileClasspath,testRuntimeClasspath
net.fabricmc.fabric-api:fabric-tag-api-v1:2.1.4+515ac5339e=compileClasspath,mainCompileDependencyResolve,mainRuntimeDependencyResolve,runtimeClasspath,testCompileClasspath,testRuntimeClasspath
net.fabricmc.fabric-api:fabric-transfer-api-v1:8.0.12+11dbb7d79e=compileClasspath,mainCompileDependencyResolve,mainRuntimeDependencyResolve,runtimeClasspath,testCompileClasspath,testRuntimeClasspath
net.fabricmc.fabric-api:fabric-transitive-access-wideners-v1:8.1.4+67c847259e=compileClasspath,mainCompileDependencyResolve,mainRuntimeDependencyResolve,runtimeClasspath,testCompileClasspath,testRuntimeClasspath
net.fabricmc:cfr:0.2.2=cfrDecompilerClasspath
net.fabricmc:dev-launch-injector:0.2.1+build.8=loomDevelopmentDependencies,minecraftNamedRuntime,runtimeClasspath,testRuntimeClasspath
net.fabricmc:fabric-loader:0.19.3=compileClasspath,mainCompileDependencyResolve,mainRuntimeDependencyResolve,runtimeClasspath,testCompileClasspath,testRuntimeClasspath
net.fabricmc:fabric-log4j-util:1.0.2=loomDevelopmentDependencies,minecraftNamedRuntime,runtimeClasspath,testRuntimeClasspath
net.fabricmc:sponge-mixin:0.17.3+mixin.0.8.7=compileClasspath,loaderLibraries,minecraftNamedCompile,minecraftNamedRuntime,minecraftTestClientRuntimeLibraries,runtimeClasspath,testCompileClasspath,testRuntimeClasspath
net.java.dev.jna:jna-platform:5.17.0=compileClasspath,minecraftClientLibraries,minecraftClientRuntimeLibraries,minecraftLibraries,minecraftNamedCompile,minecraftNamedRuntime,minecraftRuntimeLibraries,minecraftServerLibraries,minecraftServerRuntimeLibraries,minecraftTestClientRuntimeLibraries,runtimeClasspath,testCompileClasspath,testRuntimeClasspath
net.java.dev.jna:jna:5.17.0=compileClasspath,minecraftClientLibraries,minecraftClientRuntimeLibraries,minecraftLibraries,minecraftNamedCompile,minecraftNamedRuntime,minecraftRuntimeLibraries,minecraftServerLibraries,minecraftServerRuntimeLibraries,minecraftTestClientRuntimeLibraries,runtimeClasspath,testCompileClasspath,testRuntimeClasspath
net.minecraft:minecraft-merged-043a8b3edf:26.2=compileClasspath,minecraftNamedCompile,minecraftNamedRuntime,runtimeClasspath,testCompileClasspath,testRuntimeClasspath
net.sf.jopt-simple:jopt-simple:5.0.4=compileClasspath,minecraftClientLibraries,minecraftClientRuntimeLibraries,minecraftLibraries,minecraftNamedCompile,minecraftNamedRuntime,minecraftRuntimeLibraries,minecraftServerLibraries,minecraftServerRuntimeLibraries,minecraftTestClientRuntimeLibraries,runtimeClasspath,testCompileClasspath,testRuntimeClasspath
org.apache.commons:commons-compress:1.28.0=compileClasspath,minecraftClientLibraries,minecraftClientRuntimeLibraries,minecraftLibraries,minecraftNamedCompile,minecraftNamedRuntime,minecraftRuntimeLibraries,minecraftTestClientRuntimeLibraries,runtimeClasspath,testCompileClasspath,testRuntimeClasspath
org.apache.commons:commons-lang3:3.20.0=compileClasspath,minecraftClientLibraries,minecraftClientRuntimeLibraries,minecraftLibraries,minecraftNamedCompile,minecraftNamedRuntime,minecraftRuntimeLibraries,minecraftServerLibraries,minecraftServerRuntimeLibraries,minecraftTestClientRuntimeLibraries,runtimeClasspath,testCompileClasspath,testRuntimeClasspath
org.apache.logging.log4j:log4j-api:2.26.0=compileClasspath,minecraftClientLibraries,minecraftClientRuntimeLibraries,minecraftLibraries,minecraftNamedCompile,minecraftNamedRuntime,minecraftRuntimeLibraries,minecraftServerLibraries,minecraftServerRuntimeLibraries,minecraftTestClientRuntimeLibraries,runtimeClasspath,testCompileClasspath,testRuntimeClasspath
org.apache.logging.log4j:log4j-core:2.26.0=compileClasspath,minecraftClientLibraries,minecraftClientRuntimeLibraries,minecraftLibraries,minecraftNamedCompile,minecraftNamedRuntime,minecraftRuntimeLibraries,minecraftServerLibraries,minecraftServerRuntimeLibraries,minecraftTestClientRuntimeLibraries,runtimeClasspath,testCompileClasspath,testRuntimeClasspath
org.apache.logging.log4j:log4j-slf4j2-impl:2.26.0=compileClasspath,minecraftClientLibraries,minecraftClientRuntimeLibraries,minecraftLibraries,minecraftNamedCompile,minecraftNamedRuntime,minecraftRuntimeLibraries,minecraftServerLibraries,minecraftServerRuntimeLibraries,minecraftTestClientRuntimeLibraries,runtimeClasspath,testCompileClasspath,testRuntimeClasspath
org.jcraft:jorbis:0.0.17=compileClasspath,minecraftClientLibraries,minecraftClientRuntimeLibraries,minecraftLibraries,minecraftNamedCompile,minecraftNamedRuntime,minecraftRuntimeLibraries,minecraftTestClientRuntimeLibraries,runtimeClasspath,testCompileClasspath,testRuntimeClasspath
org.jetbrains:annotations:26.0.2=compileClasspath,mainCompileDependencyResolve,testCompileClasspath
org.joml:joml:1.10.8=compileClasspath,minecraftClientLibraries,minecraftClientRuntimeLibraries,minecraftLibraries,minecraftNamedCompile,minecraftNamedRuntime,minecraftRuntimeLibraries,minecraftServerLibraries,minecraftServerRuntimeLibraries,minecraftTestClientRuntimeLibraries,runtimeClasspath,testCompileClasspath,testRuntimeClasspath
org.jspecify:jspecify:1.0.0=compileClasspath,minecraftClientLibraries,minecraftClientRuntimeLibraries,minecraftLibraries,minecraftNamedCompile,minecraftNamedRuntime,minecraftRuntimeLibraries,minecraftServerLibraries,minecraftServerRuntimeLibraries,minecraftTestClientRuntimeLibraries,runtimeClasspath,testCompileClasspath,testRuntimeClasspath
org.lwjgl:lwjgl-freetype:3.4.1=compileClasspath,minecraftClientLibraries,minecraftClientRuntimeLibraries,minecraftLibraries,minecraftNamedCompile,minecraftNamedRuntime,minecraftNatives,minecraftRuntimeLibraries,minecraftTestClientRuntimeLibraries,runtimeClasspath,testCompileClasspath,testRuntimeClasspath
org.lwjgl:lwjgl-glfw:3.4.1=compileClasspath,minecraftClientLibraries,minecraftClientRuntimeLibraries,minecraftLibraries,minecraftNamedCompile,minecraftNamedRuntime,minecraftNatives,minecraftRuntimeLibraries,minecraftTestClientRuntimeLibraries,runtimeClasspath,testCompileClasspath,testRuntimeClasspath
org.lwjgl:lwjgl-jemalloc:3.4.1=compileClasspath,minecraftClientLibraries,minecraftClientRuntimeLibraries,minecraftLibraries,minecraftNamedCompile,minecraftNamedRuntime,minecraftNatives,minecraftRuntimeLibraries,minecraftTestClientRuntimeLibraries,runtimeClasspath,testCompileClasspath,testRuntimeClasspath
org.lwjgl:lwjgl-openal:3.4.1=compileClasspath,minecraftClientLibraries,minecraftClientRuntimeLibraries,minecraftLibraries,minecraftNamedCompile,minecraftNamedRuntime,minecraftNatives,minecraftRuntimeLibraries,minecraftTestClientRuntimeLibraries,runtimeClasspath,testCompileClasspath,testRuntimeClasspath
org.lwjgl:lwjgl-opengl:3.4.1=compileClasspath,minecraftClientLibraries,minecraftClientRuntimeLibraries,minecraftLibraries,minecraftNamedCompile,minecraftNamedRuntime,minecraftNatives,minecraftRuntimeLibraries,minecraftTestClientRuntimeLibraries,runtimeClasspath,testCompileClasspath,testRuntimeClasspath
org.lwjgl:lwjgl-shaderc:3.4.1=compileClasspath,minecraftClientLibraries,minecraftClientRuntimeLibraries,minecraftLibraries,minecraftNamedCompile,minecraftNamedRuntime,minecraftNatives,minecraftRuntimeLibraries,minecraftTestClientRuntimeLibraries,runtimeClasspath,testCompileClasspath,testRuntimeClasspath
org.lwjgl:lwjgl-spvc:3.4.1=compileClasspath,minecraftClientLibraries,minecraftClientRuntimeLibraries,minecraftLibraries,minecraftNamedCompile,minecraftNamedRuntime,minecraftNatives,minecraftRuntimeLibraries,minecraftTestClientRuntimeLibraries,runtimeClasspath,testCompileClasspath,testRuntimeClasspath
org.lwjgl:lwjgl-stb:3.4.1=compileClasspath,minecraftClientLibraries,minecraftClientRuntimeLibraries,minecraftLibraries,minecraftNamedCompile,minecraftNamedRuntime,minecraftNatives,minecraftRuntimeLibraries,minecraftTestClientRuntimeLibraries,runtimeClasspath,testCompileClasspath,testRuntimeClasspath
org.lwjgl:lwjgl-tinyfd:3.4.1=compileClasspath,minecraftClientLibraries,minecraftClientRuntimeLibraries,minecraftLibraries,minecraftNamedCompile,minecraftNamedRuntime,minecraftNatives,minecraftRuntimeLibraries,minecraftTestClientRuntimeLibraries,runtimeClasspath,testCompileClasspath,testRuntimeClasspath
org.lwjgl:lwjgl-vma:3.4.1=compileClasspath,minecraftClientLibraries,minecraftClientRuntimeLibraries,minecraftLibraries,minecraftNamedCompile,minecraftNamedRuntime,minecraftNatives,minecraftRuntimeLibraries,minecraftTestClientRuntimeLibraries,runtimeClasspath,testCompileClasspath,testRuntimeClasspath
org.lwjgl:lwjgl-vulkan:3.4.1=compileClasspath,minecraftClientLibraries,minecraftClientRuntimeLibraries,minecraftLibraries,minecraftNamedCompile,minecraftNamedRuntime,minecraftRuntimeLibraries,minecraftTestClientRuntimeLibraries,runtimeClasspath,testCompileClasspath,testRuntimeClasspath
org.lwjgl:lwjgl:3.4.1=compileClasspath,minecraftClientLibraries,minecraftClientRuntimeLibraries,minecraftLibraries,minecraftNamedCompile,minecraftNamedRuntime,minecraftNatives,minecraftRuntimeLibraries,minecraftTestClientRuntimeLibraries,runtimeClasspath,testCompileClasspath,testRuntimeClasspath
org.ow2.asm:asm-analysis:9.10.1=compileClasspath,loaderLibraries,minecraftNamedCompile,minecraftNamedRuntime,minecraftTestClientRuntimeLibraries,runtimeClasspath,testCompileClasspath,testRuntimeClasspath
org.ow2.asm:asm-commons:9.10.1=compileClasspath,loaderLibraries,minecraftNamedCompile,minecraftNamedRuntime,minecraftTestClientRuntimeLibraries,runtimeClasspath,testCompileClasspath,testRuntimeClasspath
org.ow2.asm:asm-tree:9.10.1=compileClasspath,loaderLibraries,minecraftNamedCompile,minecraftNamedRuntime,minecraftTestClientRuntimeLibraries,runtimeClasspath,testCompileClasspath,testRuntimeClasspath
org.ow2.asm:asm-util:9.10.1=compileClasspath,loaderLibraries,minecraftNamedCompile,minecraftNamedRuntime,minecraftTestClientRuntimeLibraries,runtimeClasspath,testCompileClasspath,testRuntimeClasspath
org.ow2.asm:asm:9.10.1=compileClasspath,loaderLibraries,minecraftNamedCompile,minecraftNamedRuntime,minecraftTestClientRuntimeLibraries,runtimeClasspath,testCompileClasspath,testRuntimeClasspath
org.slf4j:slf4j-api:2.0.17=compileClasspath,minecraftClientLibraries,minecraftClientRuntimeLibraries,minecraftLibraries,minecraftNamedCompile,minecraftNamedRuntime,minecraftRuntimeLibraries,minecraftServerLibraries,minecraftServerRuntimeLibraries,minecraftTestClientRuntimeLibraries,runtimeClasspath,testCompileClasspath,testRuntimeClasspath
org.vineflower:vineflower:1.12.0=vineflowerDecompilerClasspath
empty=annotationProcessor,includeInternal,modCompileClasspath,modCompileClasspathMapped,productionRuntimeMods,testAnnotationProcessor
